// !$*UTF8*$!
{
	archiveVersion = 1;
	classes = {
	};
	objectVersion = 46;
	objects = {

/* Begin PBXAggregateTarget section */
		024FAE37E0454886B3C7E979 /* ZERO_CHECK */ = {
			isa = PBXAggregateTarget;
			buildConfigurationList = B6B8BCCB87B848D994411915 /* Build configuration list for PBXAggregateTarget "ZERO_CHECK" */;
			buildPhases = (
				CA4CDB9F81434BCE9B1D0C19 /* CMake Rules */,
			);
			dependencies = (
			);
			name = ZERO_CHECK;
			productName = ZERO_CHECK;
		};
		0E001CBE0FBD4038967E4AC2 /* ALL_BUILD */ = {
			isa = PBXAggregateTarget;
			buildConfigurationList = A57A38E271F547EEA1956D37 /* Build configuration list for PBXAggregateTarget "ALL_BUILD" */;
			buildPhases = (
				869F627919C74F95A26D4531 /* CMake Rules */,
			);
			dependencies = (
				319379E71CC84E3486E14D84 /* PBXTargetDependency */,
				4ABB7DB2DCAA490CBC8209E7 /* PBXTargetDependency */,
			);
			name = ALL_BUILD;
			productName = ALL_BUILD;
		};
/* End PBXAggregateTarget section */

/* Begin PBXBuildFile section */
		05117F31B56445CBA2349132 /* /Users/unicornslayer/Projects/summerSchoolPersonal/Day00/Ex03_DungeonCrawl/includes/Game/Wall.hpp */ = {isa = PBXBuildFile; fileRef = CC71597617154C6489A0758D /* /Users/unicornslayer/Projects/summerSchoolPersonal/Day00/Ex03_DungeonCrawl/includes/Game/Wall.hpp */; };
		147CD1D73E8E42E7A97980B5 /* /Users/unicornslayer/Projects/summerSchoolPersonal/Day00/Ex03_DungeonCrawl/src/Game/Game.cpp */ = {isa = PBXBuildFile; fileRef = 2E6EE35477B042BC905D20FB /* /Users/unicornslayer/Projects/summerSchoolPersonal/Day00/Ex03_DungeonCrawl/src/Game/Game.cpp */; };
		1547B54FF4DF49F49DF818E9 /* /Users/unicornslayer/Projects/summerSchoolPersonal/Day00/Ex03_DungeonCrawl/src/Game/CMakeLists.txt */ = {isa = PBXBuildFile; fileRef = 4913CF2D98734401A56D7F53 /* /Users/unicornslayer/Projects/summerSchoolPersonal/Day00/Ex03_DungeonCrawl/src/Game/CMakeLists.txt */; };
		1B34F693A08C460DAAE979BC /* /Users/unicornslayer/Projects/summerSchoolPersonal/Day00/Ex03_DungeonCrawl/includes/Game/Human.hpp */ = {isa = PBXBuildFile; fileRef = 76163346A5E6461799EF7A01 /* /Users/unicornslayer/Projects/summerSchoolPersonal/Day00/Ex03_DungeonCrawl/includes/Game/Human.hpp */; };
		224F4810D17F48F9A21AD274 /* /Users/unicornslayer/Projects/summerSchoolPersonal/Day00/Ex03_DungeonCrawl/includes/Game/Monster.hpp */ = {isa = PBXBuildFile; fileRef = EA37B9A8E82847099D68A2CD /* /Users/unicornslayer/Projects/summerSchoolPersonal/Day00/Ex03_DungeonCrawl/includes/Game/Monster.hpp */; };
		41C8FD14648544D8BB0A2222 /* /Users/unicornslayer/Projects/summerSchoolPersonal/Day00/Ex03_DungeonCrawl/src/Game/Monster.cpp */ = {isa = PBXBuildFile; fileRef = 93FD38B897E943899E35679C /* /Users/unicornslayer/Projects/summerSchoolPersonal/Day00/Ex03_DungeonCrawl/src/Game/Monster.cpp */; };
		663B026ECA514DFAAE3DA499 /* /Users/unicornslayer/Projects/summerSchoolPersonal/Day00/Ex03_DungeonCrawl/src/Game/Map.cpp */ = {isa = PBXBuildFile; fileRef = 4904A223EA6C4ABD9BA1D224 /* /Users/unicornslayer/Projects/summerSchoolPersonal/Day00/Ex03_DungeonCrawl/src/Game/Map.cpp */; };
		6773769F660A437595D042CF /* /Users/unicornslayer/Projects/summerSchoolPersonal/Day00/Ex03_DungeonCrawl/src/Game/Wall.cpp */ = {isa = PBXBuildFile; fileRef = 0FACB3CE1F8D4601B3D6DA59 /* /Users/unicornslayer/Projects/summerSchoolPersonal/Day00/Ex03_DungeonCrawl/src/Game/Wall.cpp */; };
		8581B48383314D128FE47542 /* /Users/unicornslayer/Projects/summerSchoolPersonal/Day00/Ex03_DungeonCrawl/src/Game/GameObject.cpp */ = {isa = PBXBuildFile; fileRef = BF679687087C4816BD34E380 /* /Users/unicornslayer/Projects/summerSchoolPersonal/Day00/Ex03_DungeonCrawl/src/Game/GameObject.cpp */; };
		9B8AD359FE1240DCA43F13A4 /* /Users/unicornslayer/Projects/summerSchoolPersonal/Day00/Ex03_DungeonCrawl/includes/Game/ColorSettings.h */ = {isa = PBXBuildFile; fileRef = E68249C38CFD40FEB18A1FA6 /* /Users/unicornslayer/Projects/summerSchoolPersonal/Day00/Ex03_DungeonCrawl/includes/Game/ColorSettings.h */; };
		9C8204E3C68E4A42B1495A4E /* /Users/unicornslayer/Projects/summerSchoolPersonal/Day00/Ex03_DungeonCrawl/includes/Game/Map.hpp */ = {isa = PBXBuildFile; fileRef = 1B6492C2D25F49C387B0A234 /* /Users/unicornslayer/Projects/summerSchoolPersonal/Day00/Ex03_DungeonCrawl/includes/Game/Map.hpp */; };
		A7BFFD7EB3914638B59D5BE1 /* /Users/unicornslayer/Projects/summerSchoolPersonal/Day00/Ex03_DungeonCrawl/includes/Game/Treasure.hpp */ = {isa = PBXBuildFile; fileRef = 7D88E3F3E56343E4BDCE8260 /* /Users/unicornslayer/Projects/summerSchoolPersonal/Day00/Ex03_DungeonCrawl/includes/Game/Treasure.hpp */; };
		B1733D0462234C409BB37B0C /* /Users/unicornslayer/Projects/summerSchoolPersonal/Day00/Ex03_DungeonCrawl/includes/Game/GameObject.hpp */ = {isa = PBXBuildFile; fileRef = 41F149C598704D6D8F796B18 /* /Users/unicornslayer/Projects/summerSchoolPersonal/Day00/Ex03_DungeonCrawl/includes/Game/GameObject.hpp */; };
		B67D5C9A8FB44566B1BD7658 /* /Users/unicornslayer/Projects/summerSchoolPersonal/Day00/Ex03_DungeonCrawl/src/Game/Human.cpp */ = {isa = PBXBuildFile; fileRef = 17C012645A074D709D2B6EBF /* /Users/unicornslayer/Projects/summerSchoolPersonal/Day00/Ex03_DungeonCrawl/src/Game/Human.cpp */; };
		C0989967E06A427EB4A956E1 /* /Users/unicornslayer/Projects/summerSchoolPersonal/Day00/Ex03_DungeonCrawl/src/Game/Treasure.cpp */ = {isa = PBXBuildFile; fileRef = 5A24EB9913D34BE789FD6149 /* /Users/unicornslayer/Projects/summerSchoolPersonal/Day00/Ex03_DungeonCrawl/src/Game/Treasure.cpp */; };
		C1D472DCFE564ED697852017 /* /Users/unicornslayer/Projects/summerSchoolPersonal/Day00/Ex03_DungeonCrawl/includes/Game/Game.hpp */ = {isa = PBXBuildFile; fileRef = 89A37CEFE33544F2A59F4798 /* /Users/unicornslayer/Projects/summerSchoolPersonal/Day00/Ex03_DungeonCrawl/includes/Game/Game.hpp */; };
		D07C3738213647E6BB07AA9A /* /Users/unicornslayer/Projects/summerSchoolPersonal/Day00/Ex03_DungeonCrawl/includes/Game/Coords.h */ = {isa = PBXBuildFile; fileRef = FC8CAE0B717E48FB919DFD34 /* /Users/unicornslayer/Projects/summerSchoolPersonal/Day00/Ex03_DungeonCrawl/includes/Game/Coords.h */; };
		F7A8C254B54149D5B425BA68 /* /Users/unicornslayer/Projects/summerSchoolPersonal/Day00/Ex03_DungeonCrawl/includes/Game/GameExceptions.h */ = {isa = PBXBuildFile; fileRef = A87607A1CE9D4AA0B2F21CC1 /* /Users/unicornslayer/Projects/summerSchoolPersonal/Day00/Ex03_DungeonCrawl/includes/Game/GameExceptions.h */; };
/* End PBXBuildFile section */

/* Begin PBXBuildStyle section */
		08B1368B8E294DF49C371935 /* Debug */ = {
			isa = PBXBuildStyle;
			buildSettings = {
				COPY_PHASE_STRIP = NO;
			};
			name = Debug;
		};
		103A8C4FAE1E437B9617E2A7 /* MinSizeRel */ = {
			isa = PBXBuildStyle;
			buildSettings = {
				COPY_PHASE_STRIP = NO;
			};
			name = MinSizeRel;
		};
		417F33167E4449A780D4314D /* Release */ = {
			isa = PBXBuildStyle;
			buildSettings = {
				COPY_PHASE_STRIP = NO;
			};
			name = Release;
		};
		F4DC9FB804DE41FA97E96DEA /* RelWithDebInfo */ = {
			isa = PBXBuildStyle;
			buildSettings = {
				COPY_PHASE_STRIP = NO;
			};
			name = RelWithDebInfo;
		};
/* End PBXBuildStyle section */

/* Begin PBXContainerItemProxy section */
		4F23A87A1A9C4CBE9F9691DC /* PBXContainerItemProxy */ = {
			isa = PBXContainerItemProxy;
			containerPortal = 0FFE8E3734394EAC8D2750C3 /* Project object */;
			proxyType = 1;
			remoteGlobalIDString = 913838D7528F45D58675B5E2;
			remoteInfo = Game;
		};
		6894FFA892C24A118ADAAABA /* PBXContainerItemProxy */ = {
			isa = PBXContainerItemProxy;
			containerPortal = 0FFE8E3734394EAC8D2750C3 /* Project object */;
			proxyType = 1;
			remoteGlobalIDString = 024FAE37E0454886B3C7E979;
			remoteInfo = ZERO_CHECK;
		};
		B5357D881DE145A99B4F790C /* PBXContainerItemProxy */ = {
			isa = PBXContainerItemProxy;
			containerPortal = 0FFE8E3734394EAC8D2750C3 /* Project object */;
			proxyType = 1;
			remoteGlobalIDString = 024FAE37E0454886B3C7E979;
			remoteInfo = ZERO_CHECK;
		};
/* End PBXContainerItemProxy section */

/* Begin PBXFileReference section */
		0824E23801A8440880E7CE9A /* Game */ = {isa = PBXFileReference; explicitFileType = archive.ar; path = libGame.a; sourceTree = BUILT_PRODUCTS_DIR; };
		0FACB3CE1F8D4601B3D6DA59 /* /Users/unicornslayer/Projects/summerSchoolPersonal/Day00/Ex03_DungeonCrawl/src/Game/Wall.cpp */ = {isa = PBXFileReference; explicitFileType = sourcecode.cpp.cpp; fileEncoding = 4; name = Wall.cpp; path = Wall.cpp; sourceTree = SOURCE_ROOT; };
		17C012645A074D709D2B6EBF /* /Users/unicornslayer/Projects/summerSchoolPersonal/Day00/Ex03_DungeonCrawl/src/Game/Human.cpp */ = {isa = PBXFileReference; explicitFileType = sourcecode.cpp.cpp; fileEncoding = 4; name = Human.cpp; path = Human.cpp; sourceTree = SOURCE_ROOT; };
		1B6492C2D25F49C387B0A234 /* /Users/unicornslayer/Projects/summerSchoolPersonal/Day00/Ex03_DungeonCrawl/includes/Game/Map.hpp */ = {isa = PBXFileReference; explicitFileType = sourcecode.cpp.h; fileEncoding = 4; name = Map.hpp; path = ../../includes/Game/Map.hpp; sourceTree = SOURCE_ROOT; };
		2E6EE35477B042BC905D20FB /* /Users/unicornslayer/Projects/summerSchoolPersonal/Day00/Ex03_DungeonCrawl/src/Game/Game.cpp */ = {isa = PBXFileReference; explicitFileType = sourcecode.cpp.cpp; fileEncoding = 4; name = Game.cpp; path = Game.cpp; sourceTree = SOURCE_ROOT; };
		41F149C598704D6D8F796B18 /* /Users/unicornslayer/Projects/summerSchoolPersonal/Day00/Ex03_DungeonCrawl/includes/Game/GameObject.hpp */ = {isa = PBXFileReference; explicitFileType = sourcecode.cpp.h; fileEncoding = 4; name = GameObject.hpp; path = ../../includes/Game/GameObject.hpp; sourceTree = SOURCE_ROOT; };
		4904A223EA6C4ABD9BA1D224 /* /Users/unicornslayer/Projects/summerSchoolPersonal/Day00/Ex03_DungeonCrawl/src/Game/Map.cpp */ = {isa = PBXFileReference; explicitFileType = sourcecode.cpp.cpp; fileEncoding = 4; name = Map.cpp; path = Map.cpp; sourceTree = SOURCE_ROOT; };
		4913CF2D98734401A56D7F53 /* /Users/unicornslayer/Projects/summerSchoolPersonal/Day00/Ex03_DungeonCrawl/src/Game/CMakeLists.txt */ = {isa = PBXFileReference; explicitFileType = sourcecode.text; fileEncoding = 4; name = CMakeLists.txt; path = CMakeLists.txt; sourceTree = SOURCE_ROOT; };
		5A24EB9913D34BE789FD6149 /* /Users/unicornslayer/Projects/summerSchoolPersonal/Day00/Ex03_DungeonCrawl/src/Game/Treasure.cpp */ = {isa = PBXFileReference; explicitFileType = sourcecode.cpp.cpp; fileEncoding = 4; name = Treasure.cpp; path = Treasure.cpp; sourceTree = SOURCE_ROOT; };
		76163346A5E6461799EF7A01 /* /Users/unicornslayer/Projects/summerSchoolPersonal/Day00/Ex03_DungeonCrawl/includes/Game/Human.hpp */ = {isa = PBXFileReference; explicitFileType = sourcecode.cpp.h; fileEncoding = 4; name = Human.hpp; path = ../../includes/Game/Human.hpp; sourceTree = SOURCE_ROOT; };
		7D88E3F3E56343E4BDCE8260 /* /Users/unicornslayer/Projects/summerSchoolPersonal/Day00/Ex03_DungeonCrawl/includes/Game/Treasure.hpp */ = {isa = PBXFileReference; explicitFileType = sourcecode.cpp.h; fileEncoding = 4; name = Treasure.hpp; path = ../../includes/Game/Treasure.hpp; sourceTree = SOURCE_ROOT; };
		89A37CEFE33544F2A59F4798 /* /Users/unicornslayer/Projects/summerSchoolPersonal/Day00/Ex03_DungeonCrawl/includes/Game/Game.hpp */ = {isa = PBXFileReference; explicitFileType = sourcecode.cpp.h; fileEncoding = 4; name = Game.hpp; path = ../../includes/Game/Game.hpp; sourceTree = SOURCE_ROOT; };
		93FD38B897E943899E35679C /* /Users/unicornslayer/Projects/summerSchoolPersonal/Day00/Ex03_DungeonCrawl/src/Game/Monster.cpp */ = {isa = PBXFileReference; explicitFileType = sourcecode.cpp.cpp; fileEncoding = 4; name = Monster.cpp; path = Monster.cpp; sourceTree = SOURCE_ROOT; };
		A87607A1CE9D4AA0B2F21CC1 /* /Users/unicornslayer/Projects/summerSchoolPersonal/Day00/Ex03_DungeonCrawl/includes/Game/GameExceptions.h */ = {isa = PBXFileReference; explicitFileType = sourcecode.c.h; fileEncoding = 4; name = GameExceptions.h; path = ../../includes/Game/GameExceptions.h; sourceTree = SOURCE_ROOT; };
		BF679687087C4816BD34E380 /* /Users/unicornslayer/Projects/summerSchoolPersonal/Day00/Ex03_DungeonCrawl/src/Game/GameObject.cpp */ = {isa = PBXFileReference; explicitFileType = sourcecode.cpp.cpp; fileEncoding = 4; name = GameObject.cpp; path = GameObject.cpp; sourceTree = SOURCE_ROOT; };
		CC71597617154C6489A0758D /* /Users/unicornslayer/Projects/summerSchoolPersonal/Day00/Ex03_DungeonCrawl/includes/Game/Wall.hpp */ = {isa = PBXFileReference; explicitFileType = sourcecode.cpp.h; fileEncoding = 4; name = Wall.hpp; path = ../../includes/Game/Wall.hpp; sourceTree = SOURCE_ROOT; };
		D74B1A7750614A2C8D3318EB /* /Users/unicornslayer/Projects/summerSchoolPersonal/Day00/Ex03_DungeonCrawl/src/Game/CMakeLists.txt */ = {isa = PBXFileReference; explicitFileType = sourcecode.text; fileEncoding = 4; name = CMakeLists.txt; path = CMakeLists.txt; sourceTree = SOURCE_ROOT; };
		E68249C38CFD40FEB18A1FA6 /* /Users/unicornslayer/Projects/summerSchoolPersonal/Day00/Ex03_DungeonCrawl/includes/Game/ColorSettings.h */ = {isa = PBXFileReference; explicitFileType = sourcecode.c.h; fileEncoding = 4; name = ColorSettings.h; path = ../../includes/Game/ColorSettings.h; sourceTree = SOURCE_ROOT; };
		EA37B9A8E82847099D68A2CD /* /Users/unicornslayer/Projects/summerSchoolPersonal/Day00/Ex03_DungeonCrawl/includes/Game/Monster.hpp */ = {isa = PBXFileReference; explicitFileType = sourcecode.cpp.h; fileEncoding = 4; name = Monster.hpp; path = ../../includes/Game/Monster.hpp; sourceTree = SOURCE_ROOT; };
		FC8CAE0B717E48FB919DFD34 /* /Users/unicornslayer/Projects/summerSchoolPersonal/Day00/Ex03_DungeonCrawl/includes/Game/Coords.h */ = {isa = PBXFileReference; explicitFileType = sourcecode.c.h; fileEncoding = 4; name = Coords.h; path = ../../includes/Game/Coords.h; sourceTree = SOURCE_ROOT; };
/* End PBXFileReference section */

/* Begin PBXGroup section */
		07A15FD950F141A881E8A995 = {
			isa = PBXGroup;
			children = (
				2379ADABA6CE43809A63C3E8 /* Game */,
				A53360E200394230AFA90400 /* ALL_BUILD */,
				B4A64A5B9DE04C548E64AAA8 /* Products */,
			);
			sourceTree = "<group>";
		};
		2379ADABA6CE43809A63C3E8 /* Game */ = {
			isa = PBXGroup;
			children = (
				97E93A76848A4EE0A410A068 /* Source Files */,
				899F2D5D0A1244D6B2C653C3 /* Header Files */,
				4913CF2D98734401A56D7F53 /* /Users/unicornslayer/Projects/summerSchoolPersonal/Day00/Ex03_DungeonCrawl/src/Game/CMakeLists.txt */,
			);
			name = Game;
			sourceTree = "<group>";
		};
		899F2D5D0A1244D6B2C653C3 /* Header Files */ = {
			isa = PBXGroup;
			children = (
				E68249C38CFD40FEB18A1FA6 /* /Users/unicornslayer/Projects/summerSchoolPersonal/Day00/Ex03_DungeonCrawl/includes/Game/ColorSettings.h */,
				FC8CAE0B717E48FB919DFD34 /* /Users/unicornslayer/Projects/summerSchoolPersonal/Day00/Ex03_DungeonCrawl/includes/Game/Coords.h */,
				89A37CEFE33544F2A59F4798 /* /Users/unicornslayer/Projects/summerSchoolPersonal/Day00/Ex03_DungeonCrawl/includes/Game/Game.hpp */,
				A87607A1CE9D4AA0B2F21CC1 /* /Users/unicornslayer/Projects/summerSchoolPersonal/Day00/Ex03_DungeonCrawl/includes/Game/GameExceptions.h */,
				41F149C598704D6D8F796B18 /* /Users/unicornslayer/Projects/summerSchoolPersonal/Day00/Ex03_DungeonCrawl/includes/Game/GameObject.hpp */,
				76163346A5E6461799EF7A01 /* /Users/unicornslayer/Projects/summerSchoolPersonal/Day00/Ex03_DungeonCrawl/includes/Game/Human.hpp */,
				1B6492C2D25F49C387B0A234 /* /Users/unicornslayer/Projects/summerSchoolPersonal/Day00/Ex03_DungeonCrawl/includes/Game/Map.hpp */,
				EA37B9A8E82847099D68A2CD /* /Users/unicornslayer/Projects/summerSchoolPersonal/Day00/Ex03_DungeonCrawl/includes/Game/Monster.hpp */,
				7D88E3F3E56343E4BDCE8260 /* /Users/unicornslayer/Projects/summerSchoolPersonal/Day00/Ex03_DungeonCrawl/includes/Game/Treasure.hpp */,
				CC71597617154C6489A0758D /* /Users/unicornslayer/Projects/summerSchoolPersonal/Day00/Ex03_DungeonCrawl/includes/Game/Wall.hpp */,
			);
			name = "Header Files";
			sourceTree = "<group>";
		};
		97E93A76848A4EE0A410A068 /* Source Files */ = {
			isa = PBXGroup;
			children = (
				2E6EE35477B042BC905D20FB /* /Users/unicornslayer/Projects/summerSchoolPersonal/Day00/Ex03_DungeonCrawl/src/Game/Game.cpp */,
				BF679687087C4816BD34E380 /* /Users/unicornslayer/Projects/summerSchoolPersonal/Day00/Ex03_DungeonCrawl/src/Game/GameObject.cpp */,
				17C012645A074D709D2B6EBF /* /Users/unicornslayer/Projects/summerSchoolPersonal/Day00/Ex03_DungeonCrawl/src/Game/Human.cpp */,
				4904A223EA6C4ABD9BA1D224 /* /Users/unicornslayer/Projects/summerSchoolPersonal/Day00/Ex03_DungeonCrawl/src/Game/Map.cpp */,
				93FD38B897E943899E35679C /* /Users/unicornslayer/Projects/summerSchoolPersonal/Day00/Ex03_DungeonCrawl/src/Game/Monster.cpp */,
				5A24EB9913D34BE789FD6149 /* /Users/unicornslayer/Projects/summerSchoolPersonal/Day00/Ex03_DungeonCrawl/src/Game/Treasure.cpp */,
				0FACB3CE1F8D4601B3D6DA59 /* /Users/unicornslayer/Projects/summerSchoolPersonal/Day00/Ex03_DungeonCrawl/src/Game/Wall.cpp */,
			);
			name = "Source Files";
			sourceTree = "<group>";
		};
		A53360E200394230AFA90400 /* ALL_BUILD */ = {
			isa = PBXGroup;
			children = (
				B22270B4F19D460E80D5CC0D /* CMake Rules */,
				D74B1A7750614A2C8D3318EB /* /Users/unicornslayer/Projects/summerSchoolPersonal/Day00/Ex03_DungeonCrawl/src/Game/CMakeLists.txt */,
			);
			name = ALL_BUILD;
			sourceTree = "<group>";
		};
		B22270B4F19D460E80D5CC0D /* CMake Rules */ = {
			isa = PBXGroup;
			children = (
			);
			name = "CMake Rules";
			sourceTree = "<group>";
		};
		B4A64A5B9DE04C548E64AAA8 /* Products */ = {
			isa = PBXGroup;
			children = (
				0824E23801A8440880E7CE9A /* Game */,
			);
			name = Products;
			sourceTree = "<group>";
		};
/* End PBXGroup section */

/* Begin PBXNativeTarget section */
		913838D7528F45D58675B5E2 /* Game */ = {
			isa = PBXNativeTarget;
			buildConfigurationList = C04472C726214151BA826C90 /* Build configuration list for PBXNativeTarget "Game" */;
			buildPhases = (
				4276ADA50F1F4C1A81DB0A94 /* Sources */,
			);
			buildRules = (
			);
			dependencies = (
				4CDAEBC0C9C34284BA500586 /* PBXTargetDependency */,
			);
			name = Game;
			productName = Game;
			productReference = 0824E23801A8440880E7CE9A /* Game */;
			productType = "com.apple.product-type.library.static";
		};
/* End PBXNativeTarget section */

/* Begin PBXProject section */
		0FFE8E3734394EAC8D2750C3 /* Project object */ = {
			isa = PBXProject;
			attributes = {
				BuildIndependentTargetsInParallel = YES;
				LastUpgradeCheck = 0940;
			};
			buildConfigurationList = 17D5A845094C4925A8807F8B /* Build configuration list for PBXProject "Game" */;
			buildSettings = {
			};
			buildStyles = (
				08B1368B8E294DF49C371935 /* Debug */,
				417F33167E4449A780D4314D /* Release */,
				103A8C4FAE1E437B9617E2A7 /* MinSizeRel */,
				F4DC9FB804DE41FA97E96DEA /* RelWithDebInfo */,
			);
			compatibilityVersion = "Xcode 3.2";
			hasScannedForEncodings = 0;
			mainGroup = 07A15FD950F141A881E8A995;
			projectDirPath = ../../../src/Game;
			projectRoot = "";
			targets = (
				0E001CBE0FBD4038967E4AC2 /* ALL_BUILD */,
				913838D7528F45D58675B5E2 /* Game */,
				024FAE37E0454886B3C7E979 /* ZERO_CHECK */,
			);
		};
/* End PBXProject section */

/* Begin PBXShellScriptBuildPhase section */
		37A55767246B4F5FA1F35C15 = {
			isa = PBXShellScriptBuildPhase;
			buildActionMask = 2147483647;
			files = (
			);
			inputPaths = (
			);
			outputPaths = (
			);
			runOnlyForDeploymentPostprocessing = 0;
			shellPath = /bin/sh;
			shellScript = "# shell script goes here
exit 0";
			showEnvVarsInLog = 0;
		};
		68890DA681B3493190E0FA9F = {
			isa = PBXShellScriptBuildPhase;
			buildActionMask = 2147483647;
			files = (
			);
			inputPaths = (
			);
			outputPaths = (
			);
			runOnlyForDeploymentPostprocessing = 0;
			shellPath = /bin/sh;
			shellScript = "# shell script goes here
exit 0";
			showEnvVarsInLog = 0;
		};
		869F627919C74F95A26D4531 /* CMake Rules */ = {
			isa = PBXShellScriptBuildPhase;
			buildActionMask = 2147483647;
			files = (
			);
			name = "CMake Rules";
			runOnlyForDeploymentPostprocessing = 0;
			shellPath = /bin/sh;
			shellScript = "make -C /Users/unicornslayer/Projects/summerSchoolPersonal/Day00/Ex03_DungeonCrawl/build_xcode/src/Game -f /Users/unicornslayer/Projects/summerSchoolPersonal/Day00/Ex03_DungeonCrawl/build_xcode/src/Game/CMakeScripts/ALL_BUILD_cmakeRulesBuildPhase.make$CONFIGURATION all";
			showEnvVarsInLog = 0;
		};
		CA4CDB9F81434BCE9B1D0C19 /* CMake Rules */ = {
			isa = PBXShellScriptBuildPhase;
			buildActionMask = 2147483647;
			files = (
			);
			name = "CMake Rules";
			runOnlyForDeploymentPostprocessing = 0;
			shellPath = /bin/sh;
			shellScript = "make -C /Users/unicornslayer/Projects/summerSchoolPersonal/Day00/Ex03_DungeonCrawl/build_xcode/src/Game -f /Users/unicornslayer/Projects/summerSchoolPersonal/Day00/Ex03_DungeonCrawl/build_xcode/src/Game/CMakeScripts/ZERO_CHECK_cmakeRulesBuildPhase.make$CONFIGURATION all";
			showEnvVarsInLog = 0;
		};
/* End PBXShellScriptBuildPhase section */

/* Begin PBXSourcesBuildPhase section */
		4276ADA50F1F4C1A81DB0A94 /* Sources */ = {
			isa = PBXSourcesBuildPhase;
			buildActionMask = 2147483647;
			files = (
				147CD1D73E8E42E7A97980B5 /* /Users/unicornslayer/Projects/summerSchoolPersonal/Day00/Ex03_DungeonCrawl/src/Game/Game.cpp */,
				8581B48383314D128FE47542 /* /Users/unicornslayer/Projects/summerSchoolPersonal/Day00/Ex03_DungeonCrawl/src/Game/GameObject.cpp */,
				B67D5C9A8FB44566B1BD7658 /* /Users/unicornslayer/Projects/summerSchoolPersonal/Day00/Ex03_DungeonCrawl/src/Game/Human.cpp */,
				663B026ECA514DFAAE3DA499 /* /Users/unicornslayer/Projects/summerSchoolPersonal/Day00/Ex03_DungeonCrawl/src/Game/Map.cpp */,
				41C8FD14648544D8BB0A2222 /* /Users/unicornslayer/Projects/summerSchoolPersonal/Day00/Ex03_DungeonCrawl/src/Game/Monster.cpp */,
				C0989967E06A427EB4A956E1 /* /Users/unicornslayer/Projects/summerSchoolPersonal/Day00/Ex03_DungeonCrawl/src/Game/Treasure.cpp */,
				6773769F660A437595D042CF /* /Users/unicornslayer/Projects/summerSchoolPersonal/Day00/Ex03_DungeonCrawl/src/Game/Wall.cpp */,
			);
			runOnlyForDeploymentPostprocessing = 0;
		};
/* End PBXSourcesBuildPhase section */

/* Begin PBXTargetDependency section */
		319379E71CC84E3486E14D84 /* PBXTargetDependency */ = {
			isa = PBXTargetDependency;
			target = 913838D7528F45D58675B5E2 /* Game */;
			targetProxy = 4F23A87A1A9C4CBE9F9691DC /* PBXContainerItemProxy */;
		};
		4ABB7DB2DCAA490CBC8209E7 /* PBXTargetDependency */ = {
			isa = PBXTargetDependency;
			target = 024FAE37E0454886B3C7E979 /* ZERO_CHECK */;
			targetProxy = 6894FFA892C24A118ADAAABA /* PBXContainerItemProxy */;
		};
		4CDAEBC0C9C34284BA500586 /* PBXTargetDependency */ = {
			isa = PBXTargetDependency;
			target = 024FAE37E0454886B3C7E979 /* ZERO_CHECK */;
			targetProxy = B5357D881DE145A99B4F790C /* PBXContainerItemProxy */;
		};
/* End PBXTargetDependency section */

/* Begin XCBuildConfiguration section */
		021593F7540D409DB10EC4BB /* Release */ = {
			isa = XCBuildConfiguration;
			buildSettings = {
				COMBINE_HIDPI_IMAGES = YES;
				CONFIGURATION_BUILD_DIR = /Users/unicornslayer/Projects/summerSchoolPersonal/Day00/Ex03_DungeonCrawl/bin/Release;
				EXECUTABLE_PREFIX = lib;
				EXECUTABLE_SUFFIX = .a;
				GCC_GENERATE_DEBUGGING_SYMBOLS = NO;
				GCC_INLINES_ARE_PRIVATE_EXTERN = NO;
				GCC_OPTIMIZATION_LEVEL = 3;
				GCC_PREPROCESSOR_DEFINITIONS = ("'CMAKE_INTDIR=\"$(CONFIGURATION)$(EFFECTIVE_PLATFORM_NAME)\"'");
				GCC_SYMBOLS_PRIVATE_EXTERN = NO;
				HEADER_SEARCH_PATHS = (/Users/unicornslayer/Projects/summerSchoolPersonal/Day00/Ex03_DungeonCrawl/includes/Game);
				INSTALL_PATH = "";
				LIBRARY_STYLE = STATIC;
				OTHER_CPLUSPLUSFLAGS = "    -DNDEBUG '-std=gnu++1z'  ";
				OTHER_LIBTOOLFLAGS = " ";
				OTHER_REZFLAGS = "";
				PRODUCT_NAME = Game;
				SECTORDER_FLAGS = "";
				SYMROOT = /Users/unicornslayer/Projects/summerSchoolPersonal/Day00/Ex03_DungeonCrawl/build_xcode/src/Game;
				USE_HEADERMAP = NO;
				WARNING_CFLAGS = ("-Wmost","-Wno-four-char-constants","-Wno-unknown-pragmas","$(inherited)");
			};
			name = Release;
		};
		0E5C3C6528BE4535B6C7DF25 /* Release */ = {
			isa = XCBuildConfiguration;
			buildSettings = {
				COMBINE_HIDPI_IMAGES = YES;
				GCC_GENERATE_DEBUGGING_SYMBOLS = YES;
				GCC_INLINES_ARE_PRIVATE_EXTERN = NO;
				GCC_OPTIMIZATION_LEVEL = 0;
				GCC_PREPROCESSOR_DEFINITIONS = ("'CMAKE_INTDIR=\"$(CONFIGURATION)$(EFFECTIVE_PLATFORM_NAME)\"'");
				GCC_SYMBOLS_PRIVATE_EXTERN = NO;
				INSTALL_PATH = "";
				OTHER_LDFLAGS = " ";
				OTHER_REZFLAGS = "";
				PRODUCT_NAME = ALL_BUILD;
				SECTORDER_FLAGS = "";
				SYMROOT = /Users/unicornslayer/Projects/summerSchoolPersonal/Day00/Ex03_DungeonCrawl/build_xcode/src/Game;
				USE_HEADERMAP = NO;
				WARNING_CFLAGS = ("-Wmost","-Wno-four-char-constants","-Wno-unknown-pragmas","$(inherited)");
			};
			name = Release;
		};
		1187921126C7472F8B96B79A /* MinSizeRel */ = {
			isa = XCBuildConfiguration;
			buildSettings = {
				ONLY_ACTIVE_ARCH = YES;
				SDKROOT = /Applications/Xcode.app/Contents/Developer/Platforms/MacOSX.platform/Developer/SDKs/MacOSX10.13.sdk;
				SYMROOT = /Users/unicornslayer/Projects/summerSchoolPersonal/Day00/Ex03_DungeonCrawl/build_xcode/src/Game/build;
			};
			name = MinSizeRel;
		};
		25871627B6484FA49FA65595 /* RelWithDebInfo */ = {
			isa = XCBuildConfiguration;
			buildSettings = {
				COMBINE_HIDPI_IMAGES = YES;
				CONFIGURATION_BUILD_DIR = /Users/unicornslayer/Projects/summerSchoolPersonal/Day00/Ex03_DungeonCrawl/bin/RelWithDebInfo;
				EXECUTABLE_PREFIX = lib;
				EXECUTABLE_SUFFIX = .a;
				GCC_GENERATE_DEBUGGING_SYMBOLS = YES;
				GCC_INLINES_ARE_PRIVATE_EXTERN = NO;
				GCC_OPTIMIZATION_LEVEL = 2;
				GCC_PREPROCESSOR_DEFINITIONS = ("'CMAKE_INTDIR=\"$(CONFIGURATION)$(EFFECTIVE_PLATFORM_NAME)\"'");
				GCC_SYMBOLS_PRIVATE_EXTERN = NO;
				HEADER_SEARCH_PATHS = (/Users/unicornslayer/Projects/summerSchoolPersonal/Day00/Ex03_DungeonCrawl/includes/Game);
				INSTALL_PATH = "";
				LIBRARY_STYLE = STATIC;
				OTHER_CPLUSPLUSFLAGS = "       -DNDEBUG '-std=gnu++1z'  ";
				OTHER_LIBTOOLFLAGS = " ";
				OTHER_REZFLAGS = "";
				PRODUCT_NAME = Game;
				SECTORDER_FLAGS = "";
				SYMROOT = /Users/unicornslayer/Projects/summerSchoolPersonal/Day00/Ex03_DungeonCrawl/build_xcode/src/Game;
				USE_HEADERMAP = NO;
				WARNING_CFLAGS = ("-Wmost","-Wno-four-char-constants","-Wno-unknown-pragmas","$(inherited)");
			};
			name = RelWithDebInfo;
		};
		2A2AC77A2BEC44FD8F240FD5 /* MinSizeRel */ = {
			isa = XCBuildConfiguration;
			buildSettings = {
				COMBINE_HIDPI_IMAGES = YES;
				GCC_GENERATE_DEBUGGING_SYMBOLS = YES;
				GCC_INLINES_ARE_PRIVATE_EXTERN = NO;
				GCC_OPTIMIZATION_LEVEL = 0;
				GCC_PREPROCESSOR_DEFINITIONS = ("'CMAKE_INTDIR=\"$(CONFIGURATION)$(EFFECTIVE_PLATFORM_NAME)\"'");
				GCC_SYMBOLS_PRIVATE_EXTERN = NO;
				INSTALL_PATH = "";
				OTHER_LDFLAGS = " ";
				OTHER_REZFLAGS = "";
				PRODUCT_NAME = ALL_BUILD;
				SECTORDER_FLAGS = "";
				SYMROOT = /Users/unicornslayer/Projects/summerSchoolPersonal/Day00/Ex03_DungeonCrawl/build_xcode/src/Game;
				USE_HEADERMAP = NO;
				WARNING_CFLAGS = ("-Wmost","-Wno-four-char-constants","-Wno-unknown-pragmas","$(inherited)");
			};
			name = MinSizeRel;
		};
		2D0CFB07681848CF8C369581 /* RelWithDebInfo */ = {
			isa = XCBuildConfiguration;
			buildSettings = {
				COMBINE_HIDPI_IMAGES = YES;
				GCC_GENERATE_DEBUGGING_SYMBOLS = YES;
				GCC_INLINES_ARE_PRIVATE_EXTERN = NO;
				GCC_OPTIMIZATION_LEVEL = 0;
				GCC_PREPROCESSOR_DEFINITIONS = ("'CMAKE_INTDIR=\"$(CONFIGURATION)$(EFFECTIVE_PLATFORM_NAME)\"'");
				GCC_SYMBOLS_PRIVATE_EXTERN = NO;
				INSTALL_PATH = "";
				OTHER_LDFLAGS = " ";
				OTHER_REZFLAGS = "";
				PRODUCT_NAME = ALL_BUILD;
				SECTORDER_FLAGS = "";
				SYMROOT = /Users/unicornslayer/Projects/summerSchoolPersonal/Day00/Ex03_DungeonCrawl/build_xcode/src/Game;
				USE_HEADERMAP = NO;
				WARNING_CFLAGS = ("-Wmost","-Wno-four-char-constants","-Wno-unknown-pragmas","$(inherited)");
			};
			name = RelWithDebInfo;
		};
		359F047954D04851BE11DC44 /* Debug */ = {
			isa = XCBuildConfiguration;
			buildSettings = {
				COMBINE_HIDPI_IMAGES = YES;
				GCC_GENERATE_DEBUGGING_SYMBOLS = YES;
				GCC_INLINES_ARE_PRIVATE_EXTERN = NO;
				GCC_OPTIMIZATION_LEVEL = 0;
				GCC_PREPROCESSOR_DEFINITIONS = ("'CMAKE_INTDIR=\"$(CONFIGURATION)$(EFFECTIVE_PLATFORM_NAME)\"'");
				GCC_SYMBOLS_PRIVATE_EXTERN = NO;
				INSTALL_PATH = "";
				OTHER_LDFLAGS = " ";
				OTHER_REZFLAGS = "";
				PRODUCT_NAME = ALL_BUILD;
				SECTORDER_FLAGS = "";
				SYMROOT = /Users/unicornslayer/Projects/summerSchoolPersonal/Day00/Ex03_DungeonCrawl/build_xcode/src/Game;
				USE_HEADERMAP = NO;
				WARNING_CFLAGS = ("-Wmost","-Wno-four-char-constants","-Wno-unknown-pragmas","$(inherited)");
			};
			name = Debug;
		};
		3AA72F36926F4F68A05C2C23 /* MinSizeRel */ = {
			isa = XCBuildConfiguration;
			buildSettings = {
				COMBINE_HIDPI_IMAGES = YES;
				CONFIGURATION_BUILD_DIR = /Users/unicornslayer/Projects/summerSchoolPersonal/Day00/Ex03_DungeonCrawl/bin/MinSizeRel;
				EXECUTABLE_PREFIX = lib;
				EXECUTABLE_SUFFIX = .a;
				GCC_GENERATE_DEBUGGING_SYMBOLS = NO;
				GCC_INLINES_ARE_PRIVATE_EXTERN = NO;
				GCC_OPTIMIZATION_LEVEL = s;
				GCC_PREPROCESSOR_DEFINITIONS = ("'CMAKE_INTDIR=\"$(CONFIGURATION)$(EFFECTIVE_PLATFORM_NAME)\"'");
				GCC_SYMBOLS_PRIVATE_EXTERN = NO;
				HEADER_SEARCH_PATHS = (/Users/unicornslayer/Projects/summerSchoolPersonal/Day00/Ex03_DungeonCrawl/includes/Game);
				INSTALL_PATH = "";
				LIBRARY_STYLE = STATIC;
				OTHER_CPLUSPLUSFLAGS = "    -DNDEBUG '-std=gnu++1z'  ";
				OTHER_LIBTOOLFLAGS = " ";
				OTHER_REZFLAGS = "";
				PRODUCT_NAME = Game;
				SECTORDER_FLAGS = "";
				SYMROOT = /Users/unicornslayer/Projects/summerSchoolPersonal/Day00/Ex03_DungeonCrawl/build_xcode/src/Game;
				USE_HEADERMAP = NO;
				WARNING_CFLAGS = ("-Wmost","-Wno-four-char-constants","-Wno-unknown-pragmas","$(inherited)");
			};
			name = MinSizeRel;
		};
		557D3443283147DFBF9414D4 /* Debug */ = {
			isa = XCBuildConfiguration;
			buildSettings = {
				COMBINE_HIDPI_IMAGES = YES;
				CONFIGURATION_BUILD_DIR = /Users/unicornslayer/Projects/summerSchoolPersonal/Day00/Ex03_DungeonCrawl/bin/Debug;
				EXECUTABLE_PREFIX = lib;
				EXECUTABLE_SUFFIX = .a;
				GCC_GENERATE_DEBUGGING_SYMBOLS = YES;
				GCC_INLINES_ARE_PRIVATE_EXTERN = NO;
				GCC_OPTIMIZATION_LEVEL = 0;
				GCC_PREPROCESSOR_DEFINITIONS = ("'CMAKE_INTDIR=\"$(CONFIGURATION)$(EFFECTIVE_PLATFORM_NAME)\"'");
				GCC_SYMBOLS_PRIVATE_EXTERN = NO;
				HEADER_SEARCH_PATHS = (/Users/unicornslayer/Projects/summerSchoolPersonal/Day00/Ex03_DungeonCrawl/includes/Game);
				INSTALL_PATH = "";
				LIBRARY_STYLE = STATIC;
				OTHER_CPLUSPLUSFLAGS = "   '-std=gnu++1z'  ";
				OTHER_LIBTOOLFLAGS = " ";
				OTHER_REZFLAGS = "";
				PRODUCT_NAME = Game;
				SECTORDER_FLAGS = "";
				SYMROOT = /Users/unicornslayer/Projects/summerSchoolPersonal/Day00/Ex03_DungeonCrawl/build_xcode/src/Game;
				USE_HEADERMAP = NO;
				WARNING_CFLAGS = ("-Wmost","-Wno-four-char-constants","-Wno-unknown-pragmas","$(inherited)");
			};
			name = Debug;
		};
		5C81D3F4313B479A979C4312 /* Debug */ = {
			isa = XCBuildConfiguration;
			buildSettings = {
				COMBINE_HIDPI_IMAGES = YES;
				GCC_GENERATE_DEBUGGING_SYMBOLS = YES;
				GCC_INLINES_ARE_PRIVATE_EXTERN = NO;
				GCC_OPTIMIZATION_LEVEL = 0;
				GCC_PREPROCESSOR_DEFINITIONS = ("'CMAKE_INTDIR=\"$(CONFIGURATION)$(EFFECTIVE_PLATFORM_NAME)\"'");
				GCC_SYMBOLS_PRIVATE_EXTERN = NO;
				INSTALL_PATH = "";
				OTHER_LDFLAGS = " ";
				OTHER_REZFLAGS = "";
				PRODUCT_NAME = ZERO_CHECK;
				SECTORDER_FLAGS = "";
				SYMROOT = /Users/unicornslayer/Projects/summerSchoolPersonal/Day00/Ex03_DungeonCrawl/build_xcode/src/Game;
				USE_HEADERMAP = NO;
				WARNING_CFLAGS = ("-Wmost","-Wno-four-char-constants","-Wno-unknown-pragmas","$(inherited)");
			};
			name = Debug;
		};
		7E2F7B87A2C5484F8802ACD0 /* Release */ = {
			isa = XCBuildConfiguration;
			buildSettings = {
				COMBINE_HIDPI_IMAGES = YES;
				GCC_GENERATE_DEBUGGING_SYMBOLS = YES;
				GCC_INLINES_ARE_PRIVATE_EXTERN = NO;
				GCC_OPTIMIZATION_LEVEL = 0;
				GCC_PREPROCESSOR_DEFINITIONS = ("'CMAKE_INTDIR=\"$(CONFIGURATION)$(EFFECTIVE_PLATFORM_NAME)\"'");
				GCC_SYMBOLS_PRIVATE_EXTERN = NO;
				INSTALL_PATH = "";
				OTHER_LDFLAGS = " ";
				OTHER_REZFLAGS = "";
				PRODUCT_NAME = ZERO_CHECK;
				SECTORDER_FLAGS = "";
				SYMROOT = /Users/unicornslayer/Projects/summerSchoolPersonal/Day00/Ex03_DungeonCrawl/build_xcode/src/Game;
				USE_HEADERMAP = NO;
				WARNING_CFLAGS = ("-Wmost","-Wno-four-char-constants","-Wno-unknown-pragmas","$(inherited)");
			};
			name = Release;
		};
		84D3577D3E0643F4AFB2D902 /* RelWithDebInfo */ = {
			isa = XCBuildConfiguration;
			buildSettings = {
				ONLY_ACTIVE_ARCH = YES;
				SDKROOT = /Applications/Xcode.app/Contents/Developer/Platforms/MacOSX.platform/Developer/SDKs/MacOSX10.13.sdk;
				SYMROOT = /Users/unicornslayer/Projects/summerSchoolPersonal/Day00/Ex03_DungeonCrawl/build_xcode/src/Game/build;
			};
			name = RelWithDebInfo;
		};
		9F91F82F6C874D6589861DF2 /* Debug */ = {
			isa = XCBuildConfiguration;
			buildSettings = {
				ONLY_ACTIVE_ARCH = YES;
				SDKROOT = /Applications/Xcode.app/Contents/Developer/Platforms/MacOSX.platform/Developer/SDKs/MacOSX10.13.sdk;
				SYMROOT = /Users/unicornslayer/Projects/summerSchoolPersonal/Day00/Ex03_DungeonCrawl/build_xcode/src/Game/build;
			};
			name = Debug;
		};
		DEDF0376238843DEAD0ED763 /* RelWithDebInfo */ = {
			isa = XCBuildConfiguration;
			buildSettings = {
				COMBINE_HIDPI_IMAGES = YES;
				GCC_GENERATE_DEBUGGING_SYMBOLS = YES;
				GCC_INLINES_ARE_PRIVATE_EXTERN = NO;
				GCC_OPTIMIZATION_LEVEL = 0;
				GCC_PREPROCESSOR_DEFINITIONS = ("'CMAKE_INTDIR=\"$(CONFIGURATION)$(EFFECTIVE_PLATFORM_NAME)\"'");
				GCC_SYMBOLS_PRIVATE_EXTERN = NO;
				INSTALL_PATH = "";
				OTHER_LDFLAGS = " ";
				OTHER_REZFLAGS = "";
				PRODUCT_NAME = ZERO_CHECK;
				SECTORDER_FLAGS = "";
				SYMROOT = /Users/unicornslayer/Projects/summerSchoolPersonal/Day00/Ex03_DungeonCrawl/build_xcode/src/Game;
				USE_HEADERMAP = NO;
				WARNING_CFLAGS = ("-Wmost","-Wno-four-char-constants","-Wno-unknown-pragmas","$(inherited)");
			};
			name = RelWithDebInfo;
		};
		E6ED816231BE40808FC4CA65 /* Release */ = {
			isa = XCBuildConfiguration;
			buildSettings = {
				ONLY_ACTIVE_ARCH = YES;
				SDKROOT = /Applications/Xcode.app/Contents/Developer/Platforms/MacOSX.platform/Developer/SDKs/MacOSX10.13.sdk;
				SYMROOT = /Users/unicornslayer/Projects/summerSchoolPersonal/Day00/Ex03_DungeonCrawl/build_xcode/src/Game/build;
			};
			name = Release;
		};
		E97B83E935D24D88A7004DA2 /* MinSizeRel */ = {
			isa = XCBuildConfiguration;
			buildSettings = {
				COMBINE_HIDPI_IMAGES = YES;
				GCC_GENERATE_DEBUGGING_SYMBOLS = YES;
				GCC_INLINES_ARE_PRIVATE_EXTERN = NO;
				GCC_OPTIMIZATION_LEVEL = 0;
				GCC_PREPROCESSOR_DEFINITIONS = ("'CMAKE_INTDIR=\"$(CONFIGURATION)$(EFFECTIVE_PLATFORM_NAME)\"'");
				GCC_SYMBOLS_PRIVATE_EXTERN = NO;
				INSTALL_PATH = "";
				OTHER_LDFLAGS = " ";
				OTHER_REZFLAGS = "";
				PRODUCT_NAME = ZERO_CHECK;
				SECTORDER_FLAGS = "";
				SYMROOT = /Users/unicornslayer/Projects/summerSchoolPersonal/Day00/Ex03_DungeonCrawl/build_xcode/src/Game;
				USE_HEADERMAP = NO;
				WARNING_CFLAGS = ("-Wmost","-Wno-four-char-constants","-Wno-unknown-pragmas","$(inherited)");
			};
			name = MinSizeRel;
		};
/* End XCBuildConfiguration section */

/* Begin XCConfigurationList section */
		17D5A845094C4925A8807F8B /* Build configuration list for PBXProject "Game" */ = {
			isa = XCConfigurationList;
			buildConfigurations = (
				9F91F82F6C874D6589861DF2 /* Debug */,
				E6ED816231BE40808FC4CA65 /* Release */,
				1187921126C7472F8B96B79A /* MinSizeRel */,
				84D3577D3E0643F4AFB2D902 /* RelWithDebInfo */,
			);
			defaultConfigurationIsVisible = 0;
			defaultConfigurationName = Debug;
		};
		A57A38E271F547EEA1956D37 /* Build configuration list for PBXAggregateTarget "ALL_BUILD" */ = {
			isa = XCConfigurationList;
			buildConfigurations = (
				359F047954D04851BE11DC44 /* Debug */,
				0E5C3C6528BE4535B6C7DF25 /* Release */,
				2A2AC77A2BEC44FD8F240FD5 /* MinSizeRel */,
				2D0CFB07681848CF8C369581 /* RelWithDebInfo */,
			);
			defaultConfigurationIsVisible = 0;
			defaultConfigurationName = Debug;
		};
		B6B8BCCB87B848D994411915 /* Build configuration list for PBXAggregateTarget "ZERO_CHECK" */ = {
			isa = XCConfigurationList;
			buildConfigurations = (
				5C81D3F4313B479A979C4312 /* Debug */,
				7E2F7B87A2C5484F8802ACD0 /* Release */,
				E97B83E935D24D88A7004DA2 /* MinSizeRel */,
				DEDF0376238843DEAD0ED763 /* RelWithDebInfo */,
			);
			defaultConfigurationIsVisible = 0;
			defaultConfigurationName = Debug;
		};
		C04472C726214151BA826C90 /* Build configuration list for PBXNativeTarget "Game" */ = {
			isa = XCConfigurationList;
			buildConfigurations = (
				557D3443283147DFBF9414D4 /* Debug */,
				021593F7540D409DB10EC4BB /* Release */,
				3AA72F36926F4F68A05C2C23 /* MinSizeRel */,
				25871627B6484FA49FA65595 /* RelWithDebInfo */,
			);
			defaultConfigurationIsVisible = 0;
			defaultConfigurationName = Debug;
		};
/* End XCConfigurationList section */
	};
	rootObject = 0FFE8E3734394EAC8D2750C3 /* Project object */;
}
