// !$*UTF8*$!
{
	archiveVersion = 1;
	classes = {
	};
	objectVersion = 46;
	objects = {

/* Begin PBXAggregateTarget section */
		024FAE37E0454886B3C7E979 /* ZERO_CHECK */ = {
			isa = PBXAggregateTarget;
			buildConfigurationList = ED2FDC5973D74061AF1DB59D /* Build configuration list for PBXAggregateTarget "ZERO_CHECK" */;
			buildPhases = (
				2DF40FDAFAD64331A50E9E07 /* CMake Rules */,
			);
			dependencies = (
			);
			name = ZERO_CHECK;
			productName = ZERO_CHECK;
		};
		0E001CBE0FBD4038967E4AC2 /* ALL_BUILD */ = {
			isa = PBXAggregateTarget;
			buildConfigurationList = 2FD8BA1E97E7475ABA8A68AC /* Build configuration list for PBXAggregateTarget "ALL_BUILD" */;
			buildPhases = (
				238106C363404F9991888A09 /* CMake Rules */,
			);
			dependencies = (
				6D38F50D8EBD4153A3E56C64 /* PBXTargetDependency */,
				3993B0E708214B458943E4CE /* PBXTargetDependency */,
				840D044167B64F0A94E79FC0 /* PBXTargetDependency */,
			);
			name = ALL_BUILD;
			productName = ALL_BUILD;
		};
/* End PBXAggregateTarget section */

/* Begin PBXBuildFile section */
		06162F7E230B45BEB3D05CBC /* /Users/unicornslayer/Projects/summerSchoolPersonal/Day00/Ex03_DungeonCrawl/src/Game/Game.cpp */ = {isa = PBXBuildFile; fileRef = C551E529E8A9474285B3D8FE /* /Users/unicornslayer/Projects/summerSchoolPersonal/Day00/Ex03_DungeonCrawl/src/Game/Game.cpp */; };
		0C3EACC040F347C5AC241FEA /* /Users/unicornslayer/Projects/summerSchoolPersonal/Day00/Ex03_DungeonCrawl/src/Game/GameObject.cpp */ = {isa = PBXBuildFile; fileRef = 4C054A6F203842EBB083C0ED /* /Users/unicornslayer/Projects/summerSchoolPersonal/Day00/Ex03_DungeonCrawl/src/Game/GameObject.cpp */; };
		38F8C695F4A6482980D538E9 /* /Users/unicornslayer/Projects/summerSchoolPersonal/Day00/Ex03_DungeonCrawl/src/Game/Human.cpp */ = {isa = PBXBuildFile; fileRef = 41F288476CEF446DBCAEF102 /* /Users/unicornslayer/Projects/summerSchoolPersonal/Day00/Ex03_DungeonCrawl/src/Game/Human.cpp */; };
		3FA59594D4C84F449C6D69C3 /* /Users/unicornslayer/Projects/summerSchoolPersonal/Day00/Ex03_DungeonCrawl/includes/Game/Game.hpp */ = {isa = PBXBuildFile; fileRef = 3A0CFF3DB2744A45BE2F6CE5 /* /Users/unicornslayer/Projects/summerSchoolPersonal/Day00/Ex03_DungeonCrawl/includes/Game/Game.hpp */; };
		3FC3603F1F27455B86EB1BE5 /* /Users/unicornslayer/Projects/summerSchoolPersonal/Day00/Ex03_DungeonCrawl/includes/Game/GameExceptions.h */ = {isa = PBXBuildFile; fileRef = 50559A0AA8F941F1A5EE3A25 /* /Users/unicornslayer/Projects/summerSchoolPersonal/Day00/Ex03_DungeonCrawl/includes/Game/GameExceptions.h */; };
		45860520700849219BEFE462 /* /Users/unicornslayer/Projects/summerSchoolPersonal/Day00/Ex03_DungeonCrawl/includes/Game/ColorSettings.h */ = {isa = PBXBuildFile; fileRef = 90A873C7535C4A0AAE9517D7 /* /Users/unicornslayer/Projects/summerSchoolPersonal/Day00/Ex03_DungeonCrawl/includes/Game/ColorSettings.h */; };
		6BF51F49D8114685A4906416 /* /Users/unicornslayer/Projects/summerSchoolPersonal/Day00/Ex03_DungeonCrawl/includes/Game/Monster.hpp */ = {isa = PBXBuildFile; fileRef = 72887817DBAC4785A11159A4 /* /Users/unicornslayer/Projects/summerSchoolPersonal/Day00/Ex03_DungeonCrawl/includes/Game/Monster.hpp */; };
		76DEE0D4EB6E4BAD8E27D210 /* /Users/unicornslayer/Projects/summerSchoolPersonal/Day00/Ex03_DungeonCrawl/src/Game/CMakeLists.txt */ = {isa = PBXBuildFile; fileRef = 58454A8BB7AE4DC6AC9A5682 /* /Users/unicornslayer/Projects/summerSchoolPersonal/Day00/Ex03_DungeonCrawl/src/Game/CMakeLists.txt */; };
		7797712291E04428B9477042 /* /Users/unicornslayer/Projects/summerSchoolPersonal/Day00/Ex03_DungeonCrawl/src/Exe/main.cpp */ = {isa = PBXBuildFile; fileRef = 905E3F5580E64CBD92D2743A /* /Users/unicornslayer/Projects/summerSchoolPersonal/Day00/Ex03_DungeonCrawl/src/Exe/main.cpp */; };
		8AC81F37D452418C9A6ECAD8 /* /Users/unicornslayer/Projects/summerSchoolPersonal/Day00/Ex03_DungeonCrawl/includes/Game/Wall.hpp */ = {isa = PBXBuildFile; fileRef = 619EE4E921F44CDEB45A3677 /* /Users/unicornslayer/Projects/summerSchoolPersonal/Day00/Ex03_DungeonCrawl/includes/Game/Wall.hpp */; };
		8C43614003A94D1785FE0FA3 /* /Users/unicornslayer/Projects/summerSchoolPersonal/Day00/Ex03_DungeonCrawl/src/Game/Treasure.cpp */ = {isa = PBXBuildFile; fileRef = A92C69CF6713479CBFA8EAF5 /* /Users/unicornslayer/Projects/summerSchoolPersonal/Day00/Ex03_DungeonCrawl/src/Game/Treasure.cpp */; };
		AB0783596E3248BAA0E32E96 /* /Users/unicornslayer/Projects/summerSchoolPersonal/Day00/Ex03_DungeonCrawl/src/Game/Wall.cpp */ = {isa = PBXBuildFile; fileRef = 18D710862F6F41B7944FB19A /* /Users/unicornslayer/Projects/summerSchoolPersonal/Day00/Ex03_DungeonCrawl/src/Game/Wall.cpp */; };
		C6F7E022C59545E6A5105F98 /* /Users/unicornslayer/Projects/summerSchoolPersonal/Day00/Ex03_DungeonCrawl/includes/Game/Map.hpp */ = {isa = PBXBuildFile; fileRef = E7147B08AABD41E5ABAC9B81 /* /Users/unicornslayer/Projects/summerSchoolPersonal/Day00/Ex03_DungeonCrawl/includes/Game/Map.hpp */; };
		C9EE750EFF1745CC968AA5CC /* /Users/unicornslayer/Projects/summerSchoolPersonal/Day00/Ex03_DungeonCrawl/includes/Game/Treasure.hpp */ = {isa = PBXBuildFile; fileRef = D49B3AD752B24BD2B7E66B9A /* /Users/unicornslayer/Projects/summerSchoolPersonal/Day00/Ex03_DungeonCrawl/includes/Game/Treasure.hpp */; };
		CF192B37868F4EFAAB0600DF /* /Users/unicornslayer/Projects/summerSchoolPersonal/Day00/Ex03_DungeonCrawl/includes/Game/Human.hpp */ = {isa = PBXBuildFile; fileRef = 7AB39077A1E74D3D9CC57DD3 /* /Users/unicornslayer/Projects/summerSchoolPersonal/Day00/Ex03_DungeonCrawl/includes/Game/Human.hpp */; };
		D482FDD3F0C34CDF91A8D35B /* /Users/unicornslayer/Projects/summerSchoolPersonal/Day00/Ex03_DungeonCrawl/includes/Game/GameObject.hpp */ = {isa = PBXBuildFile; fileRef = 94B3AE3154E44F99A70008C1 /* /Users/unicornslayer/Projects/summerSchoolPersonal/Day00/Ex03_DungeonCrawl/includes/Game/GameObject.hpp */; };
		E718E1A7C0434DC6A4A89043 /* /Users/unicornslayer/Projects/summerSchoolPersonal/Day00/Ex03_DungeonCrawl/src/Game/Monster.cpp */ = {isa = PBXBuildFile; fileRef = 24D8356D2D304F7D8E4C5750 /* /Users/unicornslayer/Projects/summerSchoolPersonal/Day00/Ex03_DungeonCrawl/src/Game/Monster.cpp */; };
		EF651993386A487BAB2ECBB3 /* /Users/unicornslayer/Projects/summerSchoolPersonal/Day00/Ex03_DungeonCrawl/src/Exe/CMakeLists.txt */ = {isa = PBXBuildFile; fileRef = 7EF9218278C14821B060CF81 /* /Users/unicornslayer/Projects/summerSchoolPersonal/Day00/Ex03_DungeonCrawl/src/Exe/CMakeLists.txt */; };
		F65FE5260FE0449A9405D7DF /* /Users/unicornslayer/Projects/summerSchoolPersonal/Day00/Ex03_DungeonCrawl/src/Game/Map.cpp */ = {isa = PBXBuildFile; fileRef = D83877239F8B46F1ADDF44D9 /* /Users/unicornslayer/Projects/summerSchoolPersonal/Day00/Ex03_DungeonCrawl/src/Game/Map.cpp */; };
		FAD33E5735E749C5826BCF14 /* /Users/unicornslayer/Projects/summerSchoolPersonal/Day00/Ex03_DungeonCrawl/includes/Game/Coords.h */ = {isa = PBXBuildFile; fileRef = 03C57E18271E4C4ABD865144 /* /Users/unicornslayer/Projects/summerSchoolPersonal/Day00/Ex03_DungeonCrawl/includes/Game/Coords.h */; };
/* End PBXBuildFile section */

/* Begin PBXBuildStyle section */
		15CA3E1D114D47A9B91F8621 /* RelWithDebInfo */ = {
			isa = PBXBuildStyle;
			buildSettings = {
				COPY_PHASE_STRIP = NO;
			};
			name = RelWithDebInfo;
		};
		74A823544E4642B598CE96A8 /* Debug */ = {
			isa = PBXBuildStyle;
			buildSettings = {
				COPY_PHASE_STRIP = NO;
			};
			name = Debug;
		};
		8261CABB9F81458396115D1A /* MinSizeRel */ = {
			isa = PBXBuildStyle;
			buildSettings = {
				COPY_PHASE_STRIP = NO;
			};
			name = MinSizeRel;
		};
		CD9E60CC901A47938749AE7B /* Release */ = {
			isa = PBXBuildStyle;
			buildSettings = {
				COPY_PHASE_STRIP = NO;
			};
			name = Release;
		};
/* End PBXBuildStyle section */

/* Begin PBXContainerItemProxy section */
		5E08368023414EC99C1E1A58 /* PBXContainerItemProxy */ = {
			isa = PBXContainerItemProxy;
			containerPortal = 7716733C328D40FE8C2EFB96 /* Project object */;
			proxyType = 1;
			remoteGlobalIDString = 024FAE37E0454886B3C7E979;
			remoteInfo = ZERO_CHECK;
		};
		73DC730CE4DB40A8B523C759 /* PBXContainerItemProxy */ = {
			isa = PBXContainerItemProxy;
			containerPortal = 7716733C328D40FE8C2EFB96 /* Project object */;
			proxyType = 1;
			remoteGlobalIDString = FEC4623A7A0249368EA08803;
			remoteInfo = Exe;
		};
		A43640948E35491B8F029C09 /* PBXContainerItemProxy */ = {
			isa = PBXContainerItemProxy;
			containerPortal = 7716733C328D40FE8C2EFB96 /* Project object */;
			proxyType = 1;
			remoteGlobalIDString = 913838D7528F45D58675B5E2;
			remoteInfo = Game;
		};
		B7AB08C8C128484D811FDC53 /* PBXContainerItemProxy */ = {
			isa = PBXContainerItemProxy;
			containerPortal = 7716733C328D40FE8C2EFB96 /* Project object */;
			proxyType = 1;
			remoteGlobalIDString = 913838D7528F45D58675B5E2;
			remoteInfo = Game;
		};
/* End PBXContainerItemProxy section */

/* Begin PBXFileReference section */
		03C57E18271E4C4ABD865144 /* /Users/unicornslayer/Projects/summerSchoolPersonal/Day00/Ex03_DungeonCrawl/includes/Game/Coords.h */ = {isa = PBXFileReference; explicitFileType = sourcecode.c.h; fileEncoding = 4; name = Coords.h; path = includes/Game/Coords.h; sourceTree = SOURCE_ROOT; };
		18D710862F6F41B7944FB19A /* /Users/unicornslayer/Projects/summerSchoolPersonal/Day00/Ex03_DungeonCrawl/src/Game/Wall.cpp */ = {isa = PBXFileReference; explicitFileType = sourcecode.cpp.cpp; fileEncoding = 4; name = Wall.cpp; path = src/Game/Wall.cpp; sourceTree = SOURCE_ROOT; };
		24D8356D2D304F7D8E4C5750 /* /Users/unicornslayer/Projects/summerSchoolPersonal/Day00/Ex03_DungeonCrawl/src/Game/Monster.cpp */ = {isa = PBXFileReference; explicitFileType = sourcecode.cpp.cpp; fileEncoding = 4; name = Monster.cpp; path = src/Game/Monster.cpp; sourceTree = SOURCE_ROOT; };
		3A0CFF3DB2744A45BE2F6CE5 /* /Users/unicornslayer/Projects/summerSchoolPersonal/Day00/Ex03_DungeonCrawl/includes/Game/Game.hpp */ = {isa = PBXFileReference; explicitFileType = sourcecode.cpp.h; fileEncoding = 4; name = Game.hpp; path = includes/Game/Game.hpp; sourceTree = SOURCE_ROOT; };
		41F288476CEF446DBCAEF102 /* /Users/unicornslayer/Projects/summerSchoolPersonal/Day00/Ex03_DungeonCrawl/src/Game/Human.cpp */ = {isa = PBXFileReference; explicitFileType = sourcecode.cpp.cpp; fileEncoding = 4; name = Human.cpp; path = src/Game/Human.cpp; sourceTree = SOURCE_ROOT; };
		41FB8D8511A34A8DBA5FCAB1 /* Game */ = {isa = PBXFileReference; explicitFileType = archive.ar; path = libGame.a; sourceTree = BUILT_PRODUCTS_DIR; };
		4C054A6F203842EBB083C0ED /* /Users/unicornslayer/Projects/summerSchoolPersonal/Day00/Ex03_DungeonCrawl/src/Game/GameObject.cpp */ = {isa = PBXFileReference; explicitFileType = sourcecode.cpp.cpp; fileEncoding = 4; name = GameObject.cpp; path = src/Game/GameObject.cpp; sourceTree = SOURCE_ROOT; };
		50559A0AA8F941F1A5EE3A25 /* /Users/unicornslayer/Projects/summerSchoolPersonal/Day00/Ex03_DungeonCrawl/includes/Game/GameExceptions.h */ = {isa = PBXFileReference; explicitFileType = sourcecode.c.h; fileEncoding = 4; name = GameExceptions.h; path = includes/Game/GameExceptions.h; sourceTree = SOURCE_ROOT; };
		58454A8BB7AE4DC6AC9A5682 /* /Users/unicornslayer/Projects/summerSchoolPersonal/Day00/Ex03_DungeonCrawl/src/Game/CMakeLists.txt */ = {isa = PBXFileReference; explicitFileType = sourcecode.text; fileEncoding = 4; name = CMakeLists.txt; path = src/Game/CMakeLists.txt; sourceTree = SOURCE_ROOT; };
		619EE4E921F44CDEB45A3677 /* /Users/unicornslayer/Projects/summerSchoolPersonal/Day00/Ex03_DungeonCrawl/includes/Game/Wall.hpp */ = {isa = PBXFileReference; explicitFileType = sourcecode.cpp.h; fileEncoding = 4; name = Wall.hpp; path = includes/Game/Wall.hpp; sourceTree = SOURCE_ROOT; };
		655F9C09557A442FBC8CBE64 /* Exe */ = {isa = PBXFileReference; explicitFileType = "compiled.mach-o.executable"; path = Exe; sourceTree = BUILT_PRODUCTS_DIR; };
		72887817DBAC4785A11159A4 /* /Users/unicornslayer/Projects/summerSchoolPersonal/Day00/Ex03_DungeonCrawl/includes/Game/Monster.hpp */ = {isa = PBXFileReference; explicitFileType = sourcecode.cpp.h; fileEncoding = 4; name = Monster.hpp; path = includes/Game/Monster.hpp; sourceTree = SOURCE_ROOT; };
		7AB39077A1E74D3D9CC57DD3 /* /Users/unicornslayer/Projects/summerSchoolPersonal/Day00/Ex03_DungeonCrawl/includes/Game/Human.hpp */ = {isa = PBXFileReference; explicitFileType = sourcecode.cpp.h; fileEncoding = 4; name = Human.hpp; path = includes/Game/Human.hpp; sourceTree = SOURCE_ROOT; };
		7B42BC4F23F54622A66EBF10 /* /Users/unicornslayer/Projects/summerSchoolPersonal/Day00/Ex03_DungeonCrawl/CMakeLists.txt */ = {isa = PBXFileReference; explicitFileType = sourcecode.text; fileEncoding = 4; name = CMakeLists.txt; path = CMakeLists.txt; sourceTree = SOURCE_ROOT; };
		7EF9218278C14821B060CF81 /* /Users/unicornslayer/Projects/summerSchoolPersonal/Day00/Ex03_DungeonCrawl/src/Exe/CMakeLists.txt */ = {isa = PBXFileReference; explicitFileType = sourcecode.text; fileEncoding = 4; name = CMakeLists.txt; path = src/Exe/CMakeLists.txt; sourceTree = SOURCE_ROOT; };
		905E3F5580E64CBD92D2743A /* /Users/unicornslayer/Projects/summerSchoolPersonal/Day00/Ex03_DungeonCrawl/src/Exe/main.cpp */ = {isa = PBXFileReference; explicitFileType = sourcecode.cpp.cpp; fileEncoding = 4; name = main.cpp; path = src/Exe/main.cpp; sourceTree = SOURCE_ROOT; };
		90A873C7535C4A0AAE9517D7 /* /Users/unicornslayer/Projects/summerSchoolPersonal/Day00/Ex03_DungeonCrawl/includes/Game/ColorSettings.h */ = {isa = PBXFileReference; explicitFileType = sourcecode.c.h; fileEncoding = 4; name = ColorSettings.h; path = includes/Game/ColorSettings.h; sourceTree = SOURCE_ROOT; };
		94B3AE3154E44F99A70008C1 /* /Users/unicornslayer/Projects/summerSchoolPersonal/Day00/Ex03_DungeonCrawl/includes/Game/GameObject.hpp */ = {isa = PBXFileReference; explicitFileType = sourcecode.cpp.h; fileEncoding = 4; name = GameObject.hpp; path = includes/Game/GameObject.hpp; sourceTree = SOURCE_ROOT; };
		A92C69CF6713479CBFA8EAF5 /* /Users/unicornslayer/Projects/summerSchoolPersonal/Day00/Ex03_DungeonCrawl/src/Game/Treasure.cpp */ = {isa = PBXFileReference; explicitFileType = sourcecode.cpp.cpp; fileEncoding = 4; name = Treasure.cpp; path = src/Game/Treasure.cpp; sourceTree = SOURCE_ROOT; };
		C551E529E8A9474285B3D8FE /* /Users/unicornslayer/Projects/summerSchoolPersonal/Day00/Ex03_DungeonCrawl/src/Game/Game.cpp */ = {isa = PBXFileReference; explicitFileType = sourcecode.cpp.cpp; fileEncoding = 4; name = Game.cpp; path = src/Game/Game.cpp; sourceTree = SOURCE_ROOT; };
		D49B3AD752B24BD2B7E66B9A /* /Users/unicornslayer/Projects/summerSchoolPersonal/Day00/Ex03_DungeonCrawl/includes/Game/Treasure.hpp */ = {isa = PBXFileReference; explicitFileType = sourcecode.cpp.h; fileEncoding = 4; name = Treasure.hpp; path = includes/Game/Treasure.hpp; sourceTree = SOURCE_ROOT; };
		D83877239F8B46F1ADDF44D9 /* /Users/unicornslayer/Projects/summerSchoolPersonal/Day00/Ex03_DungeonCrawl/src/Game/Map.cpp */ = {isa = PBXFileReference; explicitFileType = sourcecode.cpp.cpp; fileEncoding = 4; name = Map.cpp; path = src/Game/Map.cpp; sourceTree = SOURCE_ROOT; };
		E7147B08AABD41E5ABAC9B81 /* /Users/unicornslayer/Projects/summerSchoolPersonal/Day00/Ex03_DungeonCrawl/includes/Game/Map.hpp */ = {isa = PBXFileReference; explicitFileType = sourcecode.cpp.h; fileEncoding = 4; name = Map.hpp; path = includes/Game/Map.hpp; sourceTree = SOURCE_ROOT; };
/* End PBXFileReference section */

/* Begin PBXGroup section */
		1E8E001488EA4BA6A2A9694E /* Exe */ = {
			isa = PBXGroup;
			children = (
				2574D6843A91410D8D75C206 /* Source Files */,
				7EF9218278C14821B060CF81 /* /Users/unicornslayer/Projects/summerSchoolPersonal/Day00/Ex03_DungeonCrawl/src/Exe/CMakeLists.txt */,
			);
			name = Exe;
			sourceTree = "<group>";
		};
		2574D6843A91410D8D75C206 /* Source Files */ = {
			isa = PBXGroup;
			children = (
				905E3F5580E64CBD92D2743A /* /Users/unicornslayer/Projects/summerSchoolPersonal/Day00/Ex03_DungeonCrawl/src/Exe/main.cpp */,
			);
			name = "Source Files";
			sourceTree = "<group>";
		};
		3A68A4EC925449FAADA7A2B6 /* Game */ = {
			isa = PBXGroup;
			children = (
				4EDA049F3AAB4B50B9796702 /* Source Files */,
				96F49B78639C435E8FB46860 /* Header Files */,
				58454A8BB7AE4DC6AC9A5682 /* /Users/unicornslayer/Projects/summerSchoolPersonal/Day00/Ex03_DungeonCrawl/src/Game/CMakeLists.txt */,
			);
			name = Game;
			sourceTree = "<group>";
		};
		4EDA049F3AAB4B50B9796702 /* Source Files */ = {
			isa = PBXGroup;
			children = (
				C551E529E8A9474285B3D8FE /* /Users/unicornslayer/Projects/summerSchoolPersonal/Day00/Ex03_DungeonCrawl/src/Game/Game.cpp */,
				4C054A6F203842EBB083C0ED /* /Users/unicornslayer/Projects/summerSchoolPersonal/Day00/Ex03_DungeonCrawl/src/Game/GameObject.cpp */,
				41F288476CEF446DBCAEF102 /* /Users/unicornslayer/Projects/summerSchoolPersonal/Day00/Ex03_DungeonCrawl/src/Game/Human.cpp */,
				D83877239F8B46F1ADDF44D9 /* /Users/unicornslayer/Projects/summerSchoolPersonal/Day00/Ex03_DungeonCrawl/src/Game/Map.cpp */,
				24D8356D2D304F7D8E4C5750 /* /Users/unicornslayer/Projects/summerSchoolPersonal/Day00/Ex03_DungeonCrawl/src/Game/Monster.cpp */,
				A92C69CF6713479CBFA8EAF5 /* /Users/unicornslayer/Projects/summerSchoolPersonal/Day00/Ex03_DungeonCrawl/src/Game/Treasure.cpp */,
				18D710862F6F41B7944FB19A /* /Users/unicornslayer/Projects/summerSchoolPersonal/Day00/Ex03_DungeonCrawl/src/Game/Wall.cpp */,
			);
			name = "Source Files";
			sourceTree = "<group>";
		};
		7AF03A36BD3A4E4381272608 = {
			isa = PBXGroup;
			children = (
				A6AC46F167E5461AB5488464 /* ALL_BUILD */,
				1E8E001488EA4BA6A2A9694E /* Exe */,
				3A68A4EC925449FAADA7A2B6 /* Game */,
				E98E38EC59D248C08DF79E8C /* Products */,
			);
			sourceTree = "<group>";
		};
		96F49B78639C435E8FB46860 /* Header Files */ = {
			isa = PBXGroup;
			children = (
				90A873C7535C4A0AAE9517D7 /* /Users/unicornslayer/Projects/summerSchoolPersonal/Day00/Ex03_DungeonCrawl/includes/Game/ColorSettings.h */,
				03C57E18271E4C4ABD865144 /* /Users/unicornslayer/Projects/summerSchoolPersonal/Day00/Ex03_DungeonCrawl/includes/Game/Coords.h */,
				3A0CFF3DB2744A45BE2F6CE5 /* /Users/unicornslayer/Projects/summerSchoolPersonal/Day00/Ex03_DungeonCrawl/includes/Game/Game.hpp */,
				50559A0AA8F941F1A5EE3A25 /* /Users/unicornslayer/Projects/summerSchoolPersonal/Day00/Ex03_DungeonCrawl/includes/Game/GameExceptions.h */,
				94B3AE3154E44F99A70008C1 /* /Users/unicornslayer/Projects/summerSchoolPersonal/Day00/Ex03_DungeonCrawl/includes/Game/GameObject.hpp */,
				7AB39077A1E74D3D9CC57DD3 /* /Users/unicornslayer/Projects/summerSchoolPersonal/Day00/Ex03_DungeonCrawl/includes/Game/Human.hpp */,
				E7147B08AABD41E5ABAC9B81 /* /Users/unicornslayer/Projects/summerSchoolPersonal/Day00/Ex03_DungeonCrawl/includes/Game/Map.hpp */,
				72887817DBAC4785A11159A4 /* /Users/unicornslayer/Projects/summerSchoolPersonal/Day00/Ex03_DungeonCrawl/includes/Game/Monster.hpp */,
				D49B3AD752B24BD2B7E66B9A /* /Users/unicornslayer/Projects/summerSchoolPersonal/Day00/Ex03_DungeonCrawl/includes/Game/Treasure.hpp */,
				619EE4E921F44CDEB45A3677 /* /Users/unicornslayer/Projects/summerSchoolPersonal/Day00/Ex03_DungeonCrawl/includes/Game/Wall.hpp */,
			);
			name = "Header Files";
			sourceTree = "<group>";
		};
		A13B8F045A1F4BEA86E51806 /* CMake Rules */ = {
			isa = PBXGroup;
			children = (
			);
			name = "CMake Rules";
			sourceTree = "<group>";
		};
		A6AC46F167E5461AB5488464 /* ALL_BUILD */ = {
			isa = PBXGroup;
			children = (
				A13B8F045A1F4BEA86E51806 /* CMake Rules */,
				7B42BC4F23F54622A66EBF10 /* /Users/unicornslayer/Projects/summerSchoolPersonal/Day00/Ex03_DungeonCrawl/CMakeLists.txt */,
			);
			name = ALL_BUILD;
			sourceTree = "<group>";
		};
		E98E38EC59D248C08DF79E8C /* Products */ = {
			isa = PBXGroup;
			children = (
				655F9C09557A442FBC8CBE64 /* Exe */,
				41FB8D8511A34A8DBA5FCAB1 /* Game */,
			);
			name = Products;
			sourceTree = "<group>";
		};
/* End PBXGroup section */

/* Begin PBXNativeTarget section */
		913838D7528F45D58675B5E2 /* Game */ = {
			isa = PBXNativeTarget;
			buildConfigurationList = 9C026359622B480AABB98B28 /* Build configuration list for PBXNativeTarget "Game" */;
			buildPhases = (
				D4F139CFF45B448CB119B801 /* Sources */,
			);
			buildRules = (
			);
			dependencies = (
			);
			name = Game;
			productName = Game;
			productReference = 41FB8D8511A34A8DBA5FCAB1 /* Game */;
			productType = "com.apple.product-type.library.static";
		};
		FEC4623A7A0249368EA08803 /* Exe */ = {
			isa = PBXNativeTarget;
			buildConfigurationList = 143AE6D417094BB680D52FF8 /* Build configuration list for PBXNativeTarget "Exe" */;
			buildPhases = (
				8A6547E800214E44AD07D368 /* Sources */,
			);
			buildRules = (
			);
			dependencies = (
				E9A4CD9FB0E441828F7860FE /* PBXTargetDependency */,
			);
			name = Exe;
			productName = Exe;
			productReference = 655F9C09557A442FBC8CBE64 /* Exe */;
			productType = "com.apple.product-type.tool";
		};
/* End PBXNativeTarget section */

/* Begin PBXProject section */
		7716733C328D40FE8C2EFB96 /* Project object */ = {
			isa = PBXProject;
			attributes = {
				BuildIndependentTargetsInParallel = YES;
				LastUpgradeCheck = 0940;
			};
			buildConfigurationList = AEAA33FAA4E64A31852C4AF3 /* Build configuration list for PBXProject "Project" */;
			buildSettings = {
			};
			buildStyles = (
				74A823544E4642B598CE96A8 /* Debug */,
				CD9E60CC901A47938749AE7B /* Release */,
				8261CABB9F81458396115D1A /* MinSizeRel */,
				15CA3E1D114D47A9B91F8621 /* RelWithDebInfo */,
			);
			compatibilityVersion = "Xcode 3.2";
			hasScannedForEncodings = 0;
			mainGroup = 7AF03A36BD3A4E4381272608;
			projectDirPath = ../;
			projectRoot = "";
			targets = (
				0E001CBE0FBD4038967E4AC2 /* ALL_BUILD */,
				024FAE37E0454886B3C7E979 /* ZERO_CHECK */,
				FEC4623A7A0249368EA08803 /* Exe */,
				913838D7528F45D58675B5E2 /* Game */,
			);
		};
/* End PBXProject section */

/* Begin PBXShellScriptBuildPhase section */
		238106C363404F9991888A09 /* CMake Rules */ = {
			isa = PBXShellScriptBuildPhase;
			buildActionMask = 2147483647;
			files = (
			);
			name = "CMake Rules";
			runOnlyForDeploymentPostprocessing = 0;
			shellPath = /bin/sh;
			shellScript = "make -C /Users/unicornslayer/Projects/summerSchoolPersonal/Day00/Ex03_DungeonCrawl/build_xcode -f /Users/unicornslayer/Projects/summerSchoolPersonal/Day00/Ex03_DungeonCrawl/build_xcode/CMakeScripts/ALL_BUILD_cmakeRulesBuildPhase.make$CONFIGURATION all";
			showEnvVarsInLog = 0;
		};
		2DF40FDAFAD64331A50E9E07 /* CMake Rules */ = {
			isa = PBXShellScriptBuildPhase;
			buildActionMask = 2147483647;
			files = (
			);
			name = "CMake Rules";
			runOnlyForDeploymentPostprocessing = 0;
			shellPath = /bin/sh;
			shellScript = "make -C /Users/unicornslayer/Projects/summerSchoolPersonal/Day00/Ex03_DungeonCrawl/build_xcode -f /Users/unicornslayer/Projects/summerSchoolPersonal/Day00/Ex03_DungeonCrawl/build_xcode/CMakeScripts/ZERO_CHECK_cmakeRulesBuildPhase.make$CONFIGURATION all";
			showEnvVarsInLog = 0;
		};
		700B9996A75F4559B5249551 = {
			isa = PBXShellScriptBuildPhase;
			buildActionMask = 2147483647;
			files = (
			);
			inputPaths = (
			);
			outputPaths = (
			);
			runOnlyForDeploymentPostprocessing = 0;
			shellPath = /bin/sh;
			shellScript = "# shell script goes here
exit 0";
			showEnvVarsInLog = 0;
		};
		A8C8F6B29D674D758D14296A = {
			isa = PBXShellScriptBuildPhase;
			buildActionMask = 2147483647;
			files = (
			);
			inputPaths = (
			);
			outputPaths = (
			);
			runOnlyForDeploymentPostprocessing = 0;
			shellPath = /bin/sh;
			shellScript = "# shell script goes here
exit 0";
			showEnvVarsInLog = 0;
		};
/* End PBXShellScriptBuildPhase section */

/* Begin PBXSourcesBuildPhase section */
		8A6547E800214E44AD07D368 /* Sources */ = {
			isa = PBXSourcesBuildPhase;
			buildActionMask = 2147483647;
			files = (
				7797712291E04428B9477042 /* /Users/unicornslayer/Projects/summerSchoolPersonal/Day00/Ex03_DungeonCrawl/src/Exe/main.cpp */,
			);
			runOnlyForDeploymentPostprocessing = 0;
		};
		D4F139CFF45B448CB119B801 /* Sources */ = {
			isa = PBXSourcesBuildPhase;
			buildActionMask = 2147483647;
			files = (
				06162F7E230B45BEB3D05CBC /* /Users/unicornslayer/Projects/summerSchoolPersonal/Day00/Ex03_DungeonCrawl/src/Game/Game.cpp */,
				0C3EACC040F347C5AC241FEA /* /Users/unicornslayer/Projects/summerSchoolPersonal/Day00/Ex03_DungeonCrawl/src/Game/GameObject.cpp */,
				38F8C695F4A6482980D538E9 /* /Users/unicornslayer/Projects/summerSchoolPersonal/Day00/Ex03_DungeonCrawl/src/Game/Human.cpp */,
				F65FE5260FE0449A9405D7DF /* /Users/unicornslayer/Projects/summerSchoolPersonal/Day00/Ex03_DungeonCrawl/src/Game/Map.cpp */,
				E718E1A7C0434DC6A4A89043 /* /Users/unicornslayer/Projects/summerSchoolPersonal/Day00/Ex03_DungeonCrawl/src/Game/Monster.cpp */,
				8C43614003A94D1785FE0FA3 /* /Users/unicornslayer/Projects/summerSchoolPersonal/Day00/Ex03_DungeonCrawl/src/Game/Treasure.cpp */,
				AB0783596E3248BAA0E32E96 /* /Users/unicornslayer/Projects/summerSchoolPersonal/Day00/Ex03_DungeonCrawl/src/Game/Wall.cpp */,
			);
			runOnlyForDeploymentPostprocessing = 0;
		};
/* End PBXSourcesBuildPhase section */

/* Begin PBXTargetDependency section */
		3993B0E708214B458943E4CE /* PBXTargetDependency */ = {
			isa = PBXTargetDependency;
			target = 913838D7528F45D58675B5E2 /* Game */;
			targetProxy = A43640948E35491B8F029C09 /* PBXContainerItemProxy */;
		};
		6D38F50D8EBD4153A3E56C64 /* PBXTargetDependency */ = {
			isa = PBXTargetDependency;
			target = FEC4623A7A0249368EA08803 /* Exe */;
			targetProxy = 73DC730CE4DB40A8B523C759 /* PBXContainerItemProxy */;
		};
		840D044167B64F0A94E79FC0 /* PBXTargetDependency */ = {
			isa = PBXTargetDependency;
			target = 024FAE37E0454886B3C7E979 /* ZERO_CHECK */;
			targetProxy = 5E08368023414EC99C1E1A58 /* PBXContainerItemProxy */;
		};
		E9A4CD9FB0E441828F7860FE /* PBXTargetDependency */ = {
			isa = PBXTargetDependency;
			target = 913838D7528F45D58675B5E2 /* Game */;
			targetProxy = B7AB08C8C128484D811FDC53 /* PBXContainerItemProxy */;
		};
/* End PBXTargetDependency section */

/* Begin XCBuildConfiguration section */
		047A8DA366204C26BC4300E2 /* Release */ = {
			isa = XCBuildConfiguration;
			buildSettings = {
				COMBINE_HIDPI_IMAGES = YES;
				CONFIGURATION_BUILD_DIR = /Users/unicornslayer/Projects/summerSchoolPersonal/Day00/Ex03_DungeonCrawl/bin/Release;
				EXECUTABLE_PREFIX = lib;
				EXECUTABLE_SUFFIX = .a;
				GCC_GENERATE_DEBUGGING_SYMBOLS = NO;
				GCC_INLINES_ARE_PRIVATE_EXTERN = NO;
				GCC_OPTIMIZATION_LEVEL = 3;
				GCC_PREPROCESSOR_DEFINITIONS = ("'CMAKE_INTDIR=\"$(CONFIGURATION)$(EFFECTIVE_PLATFORM_NAME)\"'");
				GCC_SYMBOLS_PRIVATE_EXTERN = NO;
				HEADER_SEARCH_PATHS = (/Users/unicornslayer/Projects/summerSchoolPersonal/Day00/Ex03_DungeonCrawl/includes/Game);
				INSTALL_PATH = "";
				LIBRARY_STYLE = STATIC;
				OTHER_CPLUSPLUSFLAGS = "    -DNDEBUG '-std=gnu++1z'  ";
				OTHER_LIBTOOLFLAGS = " ";
				OTHER_REZFLAGS = "";
				PRODUCT_NAME = Game;
				SECTORDER_FLAGS = "";
				SYMROOT = /Users/unicornslayer/Projects/summerSchoolPersonal/Day00/Ex03_DungeonCrawl/build_xcode/src/Game;
				USE_HEADERMAP = NO;
				WARNING_CFLAGS = ("-Wmost","-Wno-four-char-constants","-Wno-unknown-pragmas","$(inherited)");
			};
			name = Release;
		};
		32B9BF31DF3248EA874550DC /* RelWithDebInfo */ = {
			isa = XCBuildConfiguration;
			buildSettings = {
				COMBINE_HIDPI_IMAGES = YES;
				GCC_GENERATE_DEBUGGING_SYMBOLS = YES;
				GCC_INLINES_ARE_PRIVATE_EXTERN = NO;
				GCC_OPTIMIZATION_LEVEL = 0;
				GCC_PREPROCESSOR_DEFINITIONS = ("'CMAKE_INTDIR=\"$(CONFIGURATION)$(EFFECTIVE_PLATFORM_NAME)\"'");
				GCC_SYMBOLS_PRIVATE_EXTERN = NO;
				INSTALL_PATH = "";
				OTHER_LDFLAGS = " ";
				OTHER_REZFLAGS = "";
				PRODUCT_NAME = ZERO_CHECK;
				SECTORDER_FLAGS = "";
				SYMROOT = /Users/unicornslayer/Projects/summerSchoolPersonal/Day00/Ex03_DungeonCrawl/build_xcode;
				USE_HEADERMAP = NO;
				WARNING_CFLAGS = ("-Wmost","-Wno-four-char-constants","-Wno-unknown-pragmas","$(inherited)");
			};
			name = RelWithDebInfo;
		};
		4D04E908DC464C4FA5995B1B /* Debug */ = {
			isa = XCBuildConfiguration;
			buildSettings = {
				COMBINE_HIDPI_IMAGES = YES;
				GCC_GENERATE_DEBUGGING_SYMBOLS = YES;
				GCC_INLINES_ARE_PRIVATE_EXTERN = NO;
				GCC_OPTIMIZATION_LEVEL = 0;
				GCC_PREPROCESSOR_DEFINITIONS = ("'CMAKE_INTDIR=\"$(CONFIGURATION)$(EFFECTIVE_PLATFORM_NAME)\"'");
				GCC_SYMBOLS_PRIVATE_EXTERN = NO;
				INSTALL_PATH = "";
				OTHER_LDFLAGS = " ";
				OTHER_REZFLAGS = "";
				PRODUCT_NAME = ALL_BUILD;
				SECTORDER_FLAGS = "";
				SYMROOT = /Users/unicornslayer/Projects/summerSchoolPersonal/Day00/Ex03_DungeonCrawl/build_xcode;
				USE_HEADERMAP = NO;
				WARNING_CFLAGS = ("-Wmost","-Wno-four-char-constants","-Wno-unknown-pragmas","$(inherited)");
			};
			name = Debug;
		};
		5E39E7A9D1AF4EB4AA37B750 /* Debug */ = {
			isa = XCBuildConfiguration;
			buildSettings = {
				COMBINE_HIDPI_IMAGES = YES;
				CONFIGURATION_BUILD_DIR = /Users/unicornslayer/Projects/summerSchoolPersonal/Day00/Ex03_DungeonCrawl/bin/Debug;
				EXECUTABLE_PREFIX = lib;
				EXECUTABLE_SUFFIX = .a;
				GCC_GENERATE_DEBUGGING_SYMBOLS = YES;
				GCC_INLINES_ARE_PRIVATE_EXTERN = NO;
				GCC_OPTIMIZATION_LEVEL = 0;
				GCC_PREPROCESSOR_DEFINITIONS = ("'CMAKE_INTDIR=\"$(CONFIGURATION)$(EFFECTIVE_PLATFORM_NAME)\"'");
				GCC_SYMBOLS_PRIVATE_EXTERN = NO;
				HEADER_SEARCH_PATHS = (/Users/unicornslayer/Projects/summerSchoolPersonal/Day00/Ex03_DungeonCrawl/includes/Game);
				INSTALL_PATH = "";
				LIBRARY_STYLE = STATIC;
				OTHER_CPLUSPLUSFLAGS = "   '-std=gnu++1z'  ";
				OTHER_LIBTOOLFLAGS = " ";
				OTHER_REZFLAGS = "";
				PRODUCT_NAME = Game;
				SECTORDER_FLAGS = "";
				SYMROOT = /Users/unicornslayer/Projects/summerSchoolPersonal/Day00/Ex03_DungeonCrawl/build_xcode/src/Game;
				USE_HEADERMAP = NO;
				WARNING_CFLAGS = ("-Wmost","-Wno-four-char-constants","-Wno-unknown-pragmas","$(inherited)");
			};
			name = Debug;
		};
		5ED8EE7DDD97479DABC70F0B /* RelWithDebInfo */ = {
			isa = XCBuildConfiguration;
			buildSettings = {
				COMBINE_HIDPI_IMAGES = YES;
				CONFIGURATION_BUILD_DIR = /Users/unicornslayer/Projects/summerSchoolPersonal/Day00/Ex03_DungeonCrawl/bin/RelWithDebInfo;
				EXECUTABLE_PREFIX = "";
				EXECUTABLE_SUFFIX = "";
				GCC_GENERATE_DEBUGGING_SYMBOLS = YES;
				GCC_INLINES_ARE_PRIVATE_EXTERN = NO;
				GCC_OPTIMIZATION_LEVEL = 2;
				GCC_PREPROCESSOR_DEFINITIONS = ("'CMAKE_INTDIR=\"$(CONFIGURATION)$(EFFECTIVE_PLATFORM_NAME)\"'");
				GCC_SYMBOLS_PRIVATE_EXTERN = NO;
				HEADER_SEARCH_PATHS = (/Users/unicornslayer/Projects/summerSchoolPersonal/Day00/Ex03_DungeonCrawl/includes);
				INSTALL_PATH = "";
				LIBRARY_SEARCH_PATHS = "";
				OTHER_CPLUSPLUSFLAGS = "       -DNDEBUG '-std=gnu++1z'  ";
				OTHER_LDFLAGS = " -Wl,-search_paths_first -Wl,-headerpad_max_install_names  /Users/unicornslayer/Projects/summerSchoolPersonal/Day00/Ex03_DungeonCrawl/bin/RelWithDebInfo/libGame.a /Users/unicornslayer/Projects/summerSchoolPersonal/Day00/Ex03_DungeonCrawl/bin/RelWithDebInfo/libGame.a";
				OTHER_REZFLAGS = "";
				PRODUCT_NAME = Exe;
				SECTORDER_FLAGS = "";
				SYMROOT = /Users/unicornslayer/Projects/summerSchoolPersonal/Day00/Ex03_DungeonCrawl/build_xcode/src/Exe;
				USE_HEADERMAP = NO;
				WARNING_CFLAGS = ("-Wmost","-Wno-four-char-constants","-Wno-unknown-pragmas","$(inherited)");
			};
			name = RelWithDebInfo;
		};
		61C0780444DC4E88B2F059B3 /* MinSizeRel */ = {
			isa = XCBuildConfiguration;
			buildSettings = {
				COMBINE_HIDPI_IMAGES = YES;
				CONFIGURATION_BUILD_DIR = /Users/unicornslayer/Projects/summerSchoolPersonal/Day00/Ex03_DungeonCrawl/bin/MinSizeRel;
				EXECUTABLE_PREFIX = lib;
				EXECUTABLE_SUFFIX = .a;
				GCC_GENERATE_DEBUGGING_SYMBOLS = NO;
				GCC_INLINES_ARE_PRIVATE_EXTERN = NO;
				GCC_OPTIMIZATION_LEVEL = s;
				GCC_PREPROCESSOR_DEFINITIONS = ("'CMAKE_INTDIR=\"$(CONFIGURATION)$(EFFECTIVE_PLATFORM_NAME)\"'");
				GCC_SYMBOLS_PRIVATE_EXTERN = NO;
				HEADER_SEARCH_PATHS = (/Users/unicornslayer/Projects/summerSchoolPersonal/Day00/Ex03_DungeonCrawl/includes/Game);
				INSTALL_PATH = "";
				LIBRARY_STYLE = STATIC;
				OTHER_CPLUSPLUSFLAGS = "    -DNDEBUG '-std=gnu++1z'  ";
				OTHER_LIBTOOLFLAGS = " ";
				OTHER_REZFLAGS = "";
				PRODUCT_NAME = Game;
				SECTORDER_FLAGS = "";
				SYMROOT = /Users/unicornslayer/Projects/summerSchoolPersonal/Day00/Ex03_DungeonCrawl/build_xcode/src/Game;
				USE_HEADERMAP = NO;
				WARNING_CFLAGS = ("-Wmost","-Wno-four-char-constants","-Wno-unknown-pragmas","$(inherited)");
			};
			name = MinSizeRel;
		};
		6A9DD0C67AE04FD3A71AC80F /* Debug */ = {
			isa = XCBuildConfiguration;
			buildSettings = {
				COMBINE_HIDPI_IMAGES = YES;
				CONFIGURATION_BUILD_DIR = /Users/unicornslayer/Projects/summerSchoolPersonal/Day00/Ex03_DungeonCrawl/bin/Debug;
				EXECUTABLE_PREFIX = "";
				EXECUTABLE_SUFFIX = "";
				GCC_GENERATE_DEBUGGING_SYMBOLS = YES;
				GCC_INLINES_ARE_PRIVATE_EXTERN = NO;
				GCC_OPTIMIZATION_LEVEL = 0;
				GCC_PREPROCESSOR_DEFINITIONS = ("'CMAKE_INTDIR=\"$(CONFIGURATION)$(EFFECTIVE_PLATFORM_NAME)\"'");
				GCC_SYMBOLS_PRIVATE_EXTERN = NO;
				HEADER_SEARCH_PATHS = (/Users/unicornslayer/Projects/summerSchoolPersonal/Day00/Ex03_DungeonCrawl/includes);
				INSTALL_PATH = "";
				LIBRARY_SEARCH_PATHS = "";
				OTHER_CPLUSPLUSFLAGS = "   '-std=gnu++1z'  ";
				OTHER_LDFLAGS = " -Wl,-search_paths_first -Wl,-headerpad_max_install_names  /Users/unicornslayer/Projects/summerSchoolPersonal/Day00/Ex03_DungeonCrawl/bin/Debug/libGame.a /Users/unicornslayer/Projects/summerSchoolPersonal/Day00/Ex03_DungeonCrawl/bin/Debug/libGame.a";
				OTHER_REZFLAGS = "";
				PRODUCT_NAME = Exe;
				SECTORDER_FLAGS = "";
				SYMROOT = /Users/unicornslayer/Projects/summerSchoolPersonal/Day00/Ex03_DungeonCrawl/build_xcode/src/Exe;
				USE_HEADERMAP = NO;
				WARNING_CFLAGS = ("-Wmost","-Wno-four-char-constants","-Wno-unknown-pragmas","$(inherited)");
			};
			name = Debug;
		};
		7D3DD88D5BB24FA9871568A0 /* MinSizeRel */ = {
			isa = XCBuildConfiguration;
			buildSettings = {
				COMBINE_HIDPI_IMAGES = YES;
				CONFIGURATION_BUILD_DIR = /Users/unicornslayer/Projects/summerSchoolPersonal/Day00/Ex03_DungeonCrawl/bin/MinSizeRel;
				EXECUTABLE_PREFIX = "";
				EXECUTABLE_SUFFIX = "";
				GCC_GENERATE_DEBUGGING_SYMBOLS = NO;
				GCC_INLINES_ARE_PRIVATE_EXTERN = NO;
				GCC_OPTIMIZATION_LEVEL = s;
				GCC_PREPROCESSOR_DEFINITIONS = ("'CMAKE_INTDIR=\"$(CONFIGURATION)$(EFFECTIVE_PLATFORM_NAME)\"'");
				GCC_SYMBOLS_PRIVATE_EXTERN = NO;
				HEADER_SEARCH_PATHS = (/Users/unicornslayer/Projects/summerSchoolPersonal/Day00/Ex03_DungeonCrawl/includes);
				INSTALL_PATH = "";
				LIBRARY_SEARCH_PATHS = "";
				OTHER_CPLUSPLUSFLAGS = "    -DNDEBUG '-std=gnu++1z'  ";
				OTHER_LDFLAGS = " -Wl,-search_paths_first -Wl,-headerpad_max_install_names  /Users/unicornslayer/Projects/summerSchoolPersonal/Day00/Ex03_DungeonCrawl/bin/MinSizeRel/libGame.a /Users/unicornslayer/Projects/summerSchoolPersonal/Day00/Ex03_DungeonCrawl/bin/MinSizeRel/libGame.a";
				OTHER_REZFLAGS = "";
				PRODUCT_NAME = Exe;
				SECTORDER_FLAGS = "";
				SYMROOT = /Users/unicornslayer/Projects/summerSchoolPersonal/Day00/Ex03_DungeonCrawl/build_xcode/src/Exe;
				USE_HEADERMAP = NO;
				WARNING_CFLAGS = ("-Wmost","-Wno-four-char-constants","-Wno-unknown-pragmas","$(inherited)");
			};
			name = MinSizeRel;
		};
		9731CB0264184BFCA5898769 /* MinSizeRel */ = {
			isa = XCBuildConfiguration;
			buildSettings = {
				COMBINE_HIDPI_IMAGES = YES;
				GCC_GENERATE_DEBUGGING_SYMBOLS = YES;
				GCC_INLINES_ARE_PRIVATE_EXTERN = NO;
				GCC_OPTIMIZATION_LEVEL = 0;
				GCC_PREPROCESSOR_DEFINITIONS = ("'CMAKE_INTDIR=\"$(CONFIGURATION)$(EFFECTIVE_PLATFORM_NAME)\"'");
				GCC_SYMBOLS_PRIVATE_EXTERN = NO;
				INSTALL_PATH = "";
				OTHER_LDFLAGS = " ";
				OTHER_REZFLAGS = "";
				PRODUCT_NAME = ALL_BUILD;
				SECTORDER_FLAGS = "";
				SYMROOT = /Users/unicornslayer/Projects/summerSchoolPersonal/Day00/Ex03_DungeonCrawl/build_xcode;
				USE_HEADERMAP = NO;
				WARNING_CFLAGS = ("-Wmost","-Wno-four-char-constants","-Wno-unknown-pragmas","$(inherited)");
			};
			name = MinSizeRel;
		};
		9A3F9774C42842B090EAD7AB /* Release */ = {
			isa = XCBuildConfiguration;
			buildSettings = {
				COMBINE_HIDPI_IMAGES = YES;
				CONFIGURATION_BUILD_DIR = /Users/unicornslayer/Projects/summerSchoolPersonal/Day00/Ex03_DungeonCrawl/bin/Release;
				EXECUTABLE_PREFIX = "";
				EXECUTABLE_SUFFIX = "";
				GCC_GENERATE_DEBUGGING_SYMBOLS = NO;
				GCC_INLINES_ARE_PRIVATE_EXTERN = NO;
				GCC_OPTIMIZATION_LEVEL = 3;
				GCC_PREPROCESSOR_DEFINITIONS = ("'CMAKE_INTDIR=\"$(CONFIGURATION)$(EFFECTIVE_PLATFORM_NAME)\"'");
				GCC_SYMBOLS_PRIVATE_EXTERN = NO;
				HEADER_SEARCH_PATHS = (/Users/unicornslayer/Projects/summerSchoolPersonal/Day00/Ex03_DungeonCrawl/includes);
				INSTALL_PATH = "";
				LIBRARY_SEARCH_PATHS = "";
				OTHER_CPLUSPLUSFLAGS = "    -DNDEBUG '-std=gnu++1z'  ";
				OTHER_LDFLAGS = " -Wl,-search_paths_first -Wl,-headerpad_max_install_names  /Users/unicornslayer/Projects/summerSchoolPersonal/Day00/Ex03_DungeonCrawl/bin/Release/libGame.a /Users/unicornslayer/Projects/summerSchoolPersonal/Day00/Ex03_DungeonCrawl/bin/Release/libGame.a";
				OTHER_REZFLAGS = "";
				PRODUCT_NAME = Exe;
				SECTORDER_FLAGS = "";
				SYMROOT = /Users/unicornslayer/Projects/summerSchoolPersonal/Day00/Ex03_DungeonCrawl/build_xcode/src/Exe;
				USE_HEADERMAP = NO;
				WARNING_CFLAGS = ("-Wmost","-Wno-four-char-constants","-Wno-unknown-pragmas","$(inherited)");
			};
			name = Release;
		};
		9AC6A004755D40AEBDE9957A /* MinSizeRel */ = {
			isa = XCBuildConfiguration;
			buildSettings = {
				ONLY_ACTIVE_ARCH = YES;
				SDKROOT = /Applications/Xcode.app/Contents/Developer/Platforms/MacOSX.platform/Developer/SDKs/MacOSX10.13.sdk;
				SYMROOT = /Users/unicornslayer/Projects/summerSchoolPersonal/Day00/Ex03_DungeonCrawl/build_xcode/build;
			};
			name = MinSizeRel;
		};
		A0CF19E3729B4FD7A15A188F /* Debug */ = {
			isa = XCBuildConfiguration;
			buildSettings = {
				ONLY_ACTIVE_ARCH = YES;
				SDKROOT = /Applications/Xcode.app/Contents/Developer/Platforms/MacOSX.platform/Developer/SDKs/MacOSX10.13.sdk;
				SYMROOT = /Users/unicornslayer/Projects/summerSchoolPersonal/Day00/Ex03_DungeonCrawl/build_xcode/build;
			};
			name = Debug;
		};
		A96D6BD9321C4BEE98BAFFD1 /* RelWithDebInfo */ = {
			isa = XCBuildConfiguration;
			buildSettings = {
				ONLY_ACTIVE_ARCH = YES;
				SDKROOT = /Applications/Xcode.app/Contents/Developer/Platforms/MacOSX.platform/Developer/SDKs/MacOSX10.13.sdk;
				SYMROOT = /Users/unicornslayer/Projects/summerSchoolPersonal/Day00/Ex03_DungeonCrawl/build_xcode/build;
			};
			name = RelWithDebInfo;
		};
		B6931C8A8AC941EE91476773 /* Release */ = {
			isa = XCBuildConfiguration;
			buildSettings = {
				COMBINE_HIDPI_IMAGES = YES;
				GCC_GENERATE_DEBUGGING_SYMBOLS = YES;
				GCC_INLINES_ARE_PRIVATE_EXTERN = NO;
				GCC_OPTIMIZATION_LEVEL = 0;
				GCC_PREPROCESSOR_DEFINITIONS = ("'CMAKE_INTDIR=\"$(CONFIGURATION)$(EFFECTIVE_PLATFORM_NAME)\"'");
				GCC_SYMBOLS_PRIVATE_EXTERN = NO;
				INSTALL_PATH = "";
				OTHER_LDFLAGS = " ";
				OTHER_REZFLAGS = "";
				PRODUCT_NAME = ZERO_CHECK;
				SECTORDER_FLAGS = "";
				SYMROOT = /Users/unicornslayer/Projects/summerSchoolPersonal/Day00/Ex03_DungeonCrawl/build_xcode;
				USE_HEADERMAP = NO;
				WARNING_CFLAGS = ("-Wmost","-Wno-four-char-constants","-Wno-unknown-pragmas","$(inherited)");
			};
			name = Release;
		};
		BA401E53899E47A8B8ED48FE /* Debug */ = {
			isa = XCBuildConfiguration;
			buildSettings = {
				COMBINE_HIDPI_IMAGES = YES;
				GCC_GENERATE_DEBUGGING_SYMBOLS = YES;
				GCC_INLINES_ARE_PRIVATE_EXTERN = NO;
				GCC_OPTIMIZATION_LEVEL = 0;
				GCC_PREPROCESSOR_DEFINITIONS = ("'CMAKE_INTDIR=\"$(CONFIGURATION)$(EFFECTIVE_PLATFORM_NAME)\"'");
				GCC_SYMBOLS_PRIVATE_EXTERN = NO;
				INSTALL_PATH = "";
				OTHER_LDFLAGS = " ";
				OTHER_REZFLAGS = "";
				PRODUCT_NAME = ZERO_CHECK;
				SECTORDER_FLAGS = "";
				SYMROOT = /Users/unicornslayer/Projects/summerSchoolPersonal/Day00/Ex03_DungeonCrawl/build_xcode;
				USE_HEADERMAP = NO;
				WARNING_CFLAGS = ("-Wmost","-Wno-four-char-constants","-Wno-unknown-pragmas","$(inherited)");
			};
			name = Debug;
		};
		BDAE7569E7F54F3B897F53F4 /* RelWithDebInfo */ = {
			isa = XCBuildConfiguration;
			buildSettings = {
				COMBINE_HIDPI_IMAGES = YES;
				CONFIGURATION_BUILD_DIR = /Users/unicornslayer/Projects/summerSchoolPersonal/Day00/Ex03_DungeonCrawl/bin/RelWithDebInfo;
				EXECUTABLE_PREFIX = lib;
				EXECUTABLE_SUFFIX = .a;
				GCC_GENERATE_DEBUGGING_SYMBOLS = YES;
				GCC_INLINES_ARE_PRIVATE_EXTERN = NO;
				GCC_OPTIMIZATION_LEVEL = 2;
				GCC_PREPROCESSOR_DEFINITIONS = ("'CMAKE_INTDIR=\"$(CONFIGURATION)$(EFFECTIVE_PLATFORM_NAME)\"'");
				GCC_SYMBOLS_PRIVATE_EXTERN = NO;
				HEADER_SEARCH_PATHS = (/Users/unicornslayer/Projects/summerSchoolPersonal/Day00/Ex03_DungeonCrawl/includes/Game);
				INSTALL_PATH = "";
				LIBRARY_STYLE = STATIC;
				OTHER_CPLUSPLUSFLAGS = "       -DNDEBUG '-std=gnu++1z'  ";
				OTHER_LIBTOOLFLAGS = " ";
				OTHER_REZFLAGS = "";
				PRODUCT_NAME = Game;
				SECTORDER_FLAGS = "";
				SYMROOT = /Users/unicornslayer/Projects/summerSchoolPersonal/Day00/Ex03_DungeonCrawl/build_xcode/src/Game;
				USE_HEADERMAP = NO;
				WARNING_CFLAGS = ("-Wmost","-Wno-four-char-constants","-Wno-unknown-pragmas","$(inherited)");
			};
			name = RelWithDebInfo;
		};
		CD300B78891C460E85841329 /* Release */ = {
			isa = XCBuildConfiguration;
			buildSettings = {
				COMBINE_HIDPI_IMAGES = YES;
				GCC_GENERATE_DEBUGGING_SYMBOLS = YES;
				GCC_INLINES_ARE_PRIVATE_EXTERN = NO;
				GCC_OPTIMIZATION_LEVEL = 0;
				GCC_PREPROCESSOR_DEFINITIONS = ("'CMAKE_INTDIR=\"$(CONFIGURATION)$(EFFECTIVE_PLATFORM_NAME)\"'");
				GCC_SYMBOLS_PRIVATE_EXTERN = NO;
				INSTALL_PATH = "";
				OTHER_LDFLAGS = " ";
				OTHER_REZFLAGS = "";
				PRODUCT_NAME = ALL_BUILD;
				SECTORDER_FLAGS = "";
				SYMROOT = /Users/unicornslayer/Projects/summerSchoolPersonal/Day00/Ex03_DungeonCrawl/build_xcode;
				USE_HEADERMAP = NO;
				WARNING_CFLAGS = ("-Wmost","-Wno-four-char-constants","-Wno-unknown-pragmas","$(inherited)");
			};
			name = Release;
		};
		E1E7C435DD0F4983A998944B /* MinSizeRel */ = {
			isa = XCBuildConfiguration;
			buildSettings = {
				COMBINE_HIDPI_IMAGES = YES;
				GCC_GENERATE_DEBUGGING_SYMBOLS = YES;
				GCC_INLINES_ARE_PRIVATE_EXTERN = NO;
				GCC_OPTIMIZATION_LEVEL = 0;
				GCC_PREPROCESSOR_DEFINITIONS = ("'CMAKE_INTDIR=\"$(CONFIGURATION)$(EFFECTIVE_PLATFORM_NAME)\"'");
				GCC_SYMBOLS_PRIVATE_EXTERN = NO;
				INSTALL_PATH = "";
				OTHER_LDFLAGS = " ";
				OTHER_REZFLAGS = "";
				PRODUCT_NAME = ZERO_CHECK;
				SECTORDER_FLAGS = "";
				SYMROOT = /Users/unicornslayer/Projects/summerSchoolPersonal/Day00/Ex03_DungeonCrawl/build_xcode;
				USE_HEADERMAP = NO;
				WARNING_CFLAGS = ("-Wmost","-Wno-four-char-constants","-Wno-unknown-pragmas","$(inherited)");
			};
			name = MinSizeRel;
		};
		E4922E7F2168480B8EFF05E6 /* Release */ = {
			isa = XCBuildConfiguration;
			buildSettings = {
				ONLY_ACTIVE_ARCH = YES;
				SDKROOT = /Applications/Xcode.app/Contents/Developer/Platforms/MacOSX.platform/Developer/SDKs/MacOSX10.13.sdk;
				SYMROOT = /Users/unicornslayer/Projects/summerSchoolPersonal/Day00/Ex03_DungeonCrawl/build_xcode/build;
			};
			name = Release;
		};
		EC7279F81F2B49B2AD380C2E /* RelWithDebInfo */ = {
			isa = XCBuildConfiguration;
			buildSettings = {
				COMBINE_HIDPI_IMAGES = YES;
				GCC_GENERATE_DEBUGGING_SYMBOLS = YES;
				GCC_INLINES_ARE_PRIVATE_EXTERN = NO;
				GCC_OPTIMIZATION_LEVEL = 0;
				GCC_PREPROCESSOR_DEFINITIONS = ("'CMAKE_INTDIR=\"$(CONFIGURATION)$(EFFECTIVE_PLATFORM_NAME)\"'");
				GCC_SYMBOLS_PRIVATE_EXTERN = NO;
				INSTALL_PATH = "";
				OTHER_LDFLAGS = " ";
				OTHER_REZFLAGS = "";
				PRODUCT_NAME = ALL_BUILD;
				SECTORDER_FLAGS = "";
				SYMROOT = /Users/unicornslayer/Projects/summerSchoolPersonal/Day00/Ex03_DungeonCrawl/build_xcode;
				USE_HEADERMAP = NO;
				WARNING_CFLAGS = ("-Wmost","-Wno-four-char-constants","-Wno-unknown-pragmas","$(inherited)");
			};
			name = RelWithDebInfo;
		};
/* End XCBuildConfiguration section */

/* Begin XCConfigurationList section */
		143AE6D417094BB680D52FF8 /* Build configuration list for PBXNativeTarget "Exe" */ = {
			isa = XCConfigurationList;
			buildConfigurations = (
				6A9DD0C67AE04FD3A71AC80F /* Debug */,
				9A3F9774C42842B090EAD7AB /* Release */,
				7D3DD88D5BB24FA9871568A0 /* MinSizeRel */,
				5ED8EE7DDD97479DABC70F0B /* RelWithDebInfo */,
			);
			defaultConfigurationIsVisible = 0;
			defaultConfigurationName = Debug;
		};
		2FD8BA1E97E7475ABA8A68AC /* Build configuration list for PBXAggregateTarget "ALL_BUILD" */ = {
			isa = XCConfigurationList;
			buildConfigurations = (
				4D04E908DC464C4FA5995B1B /* Debug */,
				CD300B78891C460E85841329 /* Release */,
				9731CB0264184BFCA5898769 /* MinSizeRel */,
				EC7279F81F2B49B2AD380C2E /* RelWithDebInfo */,
			);
			defaultConfigurationIsVisible = 0;
			defaultConfigurationName = Debug;
		};
		9C026359622B480AABB98B28 /* Build configuration list for PBXNativeTarget "Game" */ = {
			isa = XCConfigurationList;
			buildConfigurations = (
				5E39E7A9D1AF4EB4AA37B750 /* Debug */,
				047A8DA366204C26BC4300E2 /* Release */,
				61C0780444DC4E88B2F059B3 /* MinSizeRel */,
				BDAE7569E7F54F3B897F53F4 /* RelWithDebInfo */,
			);
			defaultConfigurationIsVisible = 0;
			defaultConfigurationName = Debug;
		};
		AEAA33FAA4E64A31852C4AF3 /* Build configuration list for PBXProject "Project" */ = {
			isa = XCConfigurationList;
			buildConfigurations = (
				A0CF19E3729B4FD7A15A188F /* Debug */,
				E4922E7F2168480B8EFF05E6 /* Release */,
				9AC6A004755D40AEBDE9957A /* MinSizeRel */,
				A96D6BD9321C4BEE98BAFFD1 /* RelWithDebInfo */,
			);
			defaultConfigurationIsVisible = 0;
			defaultConfigurationName = Debug;
		};
		ED2FDC5973D74061AF1DB59D /* Build configuration list for PBXAggregateTarget "ZERO_CHECK" */ = {
			isa = XCConfigurationList;
			buildConfigurations = (
				BA401E53899E47A8B8ED48FE /* Debug */,
				B6931C8A8AC941EE91476773 /* Release */,
				E1E7C435DD0F4983A998944B /* MinSizeRel */,
				32B9BF31DF3248EA874550DC /* RelWithDebInfo */,
			);
			defaultConfigurationIsVisible = 0;
			defaultConfigurationName = Debug;
		};
/* End XCConfigurationList section */
	};
	rootObject = 7716733C328D40FE8C2EFB96 /* Project object */;
}
